// !$*UTF8*$!
{
	archiveVersion = 1;
	classes = {
	};
	objectVersion = 46;
	objects = {

/* Begin PBXBuildFile section */
		7B14FCA81BB16F2C00374E79 /* InspectorImageCell.swift in Sources */ = {isa = PBXBuildFile; fileRef = 7B14FCA71BB16F2C00374E79 /* InspectorImageCell.swift */; };
		7B1F9AAE1BFF7155003E08F3 /* ScrollableContentView.swift in Sources */ = {isa = PBXBuildFile; fileRef = 7B1F9AAD1BFF7155003E08F3 /* ScrollableContentView.swift */; };
		7B243E871BF22581001EB2B5 /* SimpleFooterViewController.swift in Sources */ = {isa = PBXBuildFile; fileRef = 7B243E861BF22581001EB2B5 /* SimpleFooterViewController.swift */; };
		7B243E891BF73860001EB2B5 /* DataSourceHeaderController.swift in Sources */ = {isa = PBXBuildFile; fileRef = 7B243E881BF73860001EB2B5 /* DataSourceHeaderController.swift */; };
		7B243E8B1BF8100E001EB2B5 /* DataSourceCell.swift in Sources */ = {isa = PBXBuildFile; fileRef = 7B243E8A1BF8100E001EB2B5 /* DataSourceCell.swift */; };
		7B243E8D1BF8212C001EB2B5 /* DataSourceDetailViewController.swift in Sources */ = {isa = PBXBuildFile; fileRef = 7B243E8C1BF8212C001EB2B5 /* DataSourceDetailViewController.swift */; };
		7B467F741B9F15A1005719E7 /* MapKit.framework in Frameworks */ = {isa = PBXBuildFile; fileRef = 7B467F731B9F15A1005719E7 /* MapKit.framework */; };
		7B467F7C1BA1C2A9005719E7 /* InformationViewController.swift in Sources */ = {isa = PBXBuildFile; fileRef = 7B467F7B1BA1C2A9005719E7 /* InformationViewController.swift */; };
		7B52AA3F1BB055CF0068A842 /* LabelArrangableCell.swift in Sources */ = {isa = PBXBuildFile; fileRef = 7B52AA3E1BB055CF0068A842 /* LabelArrangableCell.swift */; };
		7B52AA441BB0DE700068A842 /* InspectorTableView.swift in Sources */ = {isa = PBXBuildFile; fileRef = 7B52AA431BB0DE700068A842 /* InspectorTableView.swift */; };
		7B63A8B91BDBBE01004D95E3 /* MapDetailPreferencesViewController.swift in Sources */ = {isa = PBXBuildFile; fileRef = 7B63A8B81BDBBE01004D95E3 /* MapDetailPreferencesViewController.swift */; };
		7B63A8BB1BDBD8E0004D95E3 /* ItemSelectorViewController.swift in Sources */ = {isa = PBXBuildFile; fileRef = 7B63A8BA1BDBD8E0004D95E3 /* ItemSelectorViewController.swift */; };
		7B6753951BA3BFEA005CC069 /* ServersViewController.swift in Sources */ = {isa = PBXBuildFile; fileRef = 7B6753941BA3BFEA005CC069 /* ServersViewController.swift */; };
		7B6C069E1BB67266004902D3 /* ItemListNavigationController.swift in Sources */ = {isa = PBXBuildFile; fileRef = 7B6C069D1BB67266004902D3 /* ItemListNavigationController.swift */; };
		7B6C06A01BB67AAC004902D3 /* ItemListViewController.swift in Sources */ = {isa = PBXBuildFile; fileRef = 7B6C069F1BB67AAC004902D3 /* ItemListViewController.swift */; };
		7B6C06A21BB68D30004902D3 /* NodeItemCell.swift in Sources */ = {isa = PBXBuildFile; fileRef = 7B6C06A11BB68D30004902D3 /* NodeItemCell.swift */; };
		7B6D69A81C2ECD520060212A /* MapURL.swift in Sources */ = {isa = PBXBuildFile; fileRef = 7B6D69A71C2ECD520060212A /* MapURL.swift */; };
		7B7356CF1BB7D88100C1DB19 /* SummaryPopupViewController.swift in Sources */ = {isa = PBXBuildFile; fileRef = 7B7356CE1BB7D88100C1DB19 /* SummaryPopupViewController.swift */; };
		7B7356D21BB7E67100C1DB19 /* AnnotationView.swift in Sources */ = {isa = PBXBuildFile; fileRef = 7B7356D11BB7E67100C1DB19 /* AnnotationView.swift */; };
		7B7356D41BB83C7700C1DB19 /* PopupView.swift in Sources */ = {isa = PBXBuildFile; fileRef = 7B7356D31BB83C7700C1DB19 /* PopupView.swift */; };
		7B7356D71BB971C500C1DB19 /* Localizable.strings in Resources */ = {isa = PBXBuildFile; fileRef = 7B7356D91BB971C500C1DB19 /* Localizable.strings */; };
		7B772C321BB1B31F00FA27E8 /* FullImageViewController.swift in Sources */ = {isa = PBXBuildFile; fileRef = 7B772C311BB1B31F00FA27E8 /* FullImageViewController.swift */; };
		7B7DDD091BAF9DD000C7A488 /* PreferencesViewController.swift in Sources */ = {isa = PBXBuildFile; fileRef = 7B7DDD081BAF9DD000C7A488 /* PreferencesViewController.swift */; };
		7B7DDD0B1BAFA95F00C7A488 /* ConfigurationController.swift in Sources */ = {isa = PBXBuildFile; fileRef = 7B7DDD0A1BAFA95F00C7A488 /* ConfigurationController.swift */; };
		7B88FB1E1C00CE9600783E17 /* AboutViewController.swift in Sources */ = {isa = PBXBuildFile; fileRef = 7B88FB1D1C00CE9600783E17 /* AboutViewController.swift */; };
		7B88FB201C02D55200783E17 /* AssetListViewController.swift in Sources */ = {isa = PBXBuildFile; fileRef = 7B88FB1F1C02D55200783E17 /* AssetListViewController.swift */; };
		7B88FB221C02D58500783E17 /* AssetCell.swift in Sources */ = {isa = PBXBuildFile; fileRef = 7B88FB211C02D58500783E17 /* AssetCell.swift */; };
		7B9098281BA3DE2E00B03FD8 /* DVRemoteBrowser.m in Sources */ = {isa = PBXBuildFile; fileRef = 7B9098271BA3DE2E00B03FD8 /* DVRemoteBrowser.m */; };
		7B9098351BA448D800B03FD8 /* ImageMetadataKV.m in Sources */ = {isa = PBXBuildFile; fileRef = 7B9098341BA448D800B03FD8 /* ImageMetadataKV.m */; };
		7B9098371BA4634C00B03FD8 /* ExifViewController.swift in Sources */ = {isa = PBXBuildFile; fileRef = 7B9098361BA4634C00B03FD8 /* ExifViewController.swift */; };
		7BA52EBD1BC92A7100D69AE9 /* MessageView.swift in Sources */ = {isa = PBXBuildFile; fileRef = 7BA52EBC1BC92A7100D69AE9 /* MessageView.swift */; };
		7BA52EC21BCA285200D69AE9 /* DVRemoteClient.m in Sources */ = {isa = PBXBuildFile; fileRef = 7BA52EBF1BCA285200D69AE9 /* DVRemoteClient.m */; };
		7BA52EC31BCA285200D69AE9 /* LRUCache.m in Sources */ = {isa = PBXBuildFile; fileRef = 7BA52EC11BCA285200D69AE9 /* LRUCache.m */; };
		7BA52EC61BCA558B00D69AE9 /* LocalSession.mm in Sources */ = {isa = PBXBuildFile; fileRef = 7BA52EC51BCA558B00D69AE9 /* LocalSession.mm */; };
		7BA52EC91BCAB27800D69AE9 /* ImageMetadata.mm in Sources */ = {isa = PBXBuildFile; fileRef = 7BA52EC81BCAB27800D69AE9 /* ImageMetadata.mm */; };
		7BA52ECD1BCB445E00D69AE9 /* CoreImage.framework in Frameworks */ = {isa = PBXBuildFile; fileRef = 7BA52ECB1BCB445E00D69AE9 /* CoreImage.framework */; };
		7BA52ECE1BCB445E00D69AE9 /* ImageIO.framework in Frameworks */ = {isa = PBXBuildFile; fileRef = 7BA52ECC1BCB445E00D69AE9 /* ImageIO.framework */; };
		7BA52ED01BCB447B00D69AE9 /* Photos.framework in Frameworks */ = {isa = PBXBuildFile; fileRef = 7BA52ECF1BCB447B00D69AE9 /* Photos.framework */; };
		7BA52ED21BCB4FF400D69AE9 /* MapGeometry.swift in Sources */ = {isa = PBXBuildFile; fileRef = 7BA52ED11BCB4FF400D69AE9 /* MapGeometry.swift */; };
		7BA92C7E1BEDCC1700CE0C56 /* ColorPickerViewController.swift in Sources */ = {isa = PBXBuildFile; fileRef = 7BA92C7D1BEDCC1700CE0C56 /* ColorPickerViewController.swift */; };
		7BA92C801BEDCC6300CE0C56 /* NamedColorCell.swift in Sources */ = {isa = PBXBuildFile; fileRef = 7BA92C7F1BEDCC6300CE0C56 /* NamedColorCell.swift */; };
		7BA92C841BEE238100CE0C56 /* ColorSelectingCell.swift in Sources */ = {isa = PBXBuildFile; fileRef = 7BA92C831BEE238100CE0C56 /* ColorSelectingCell.swift */; };
		7BAFF9DB1BBFF66100B33E0D /* PreferencesNavigationController.swift in Sources */ = {isa = PBXBuildFile; fileRef = 7BAFF9DA1BBFF66100B33E0D /* PreferencesNavigationController.swift */; };
		7BB683C21C1C7E8C00A6DFAF /* KMLFile.swift in Sources */ = {isa = PBXBuildFile; fileRef = 7BB683C11C1C7E8C00A6DFAF /* KMLFile.swift */; };
		7BBA59CF1B9DA59C0025B902 /* AppDelegate.swift in Sources */ = {isa = PBXBuildFile; fileRef = 7BBA59CE1B9DA59C0025B902 /* AppDelegate.swift */; };
		7BBA59D11B9DA59C0025B902 /* MapViewController.swift in Sources */ = {isa = PBXBuildFile; fileRef = 7BBA59D01B9DA59C0025B902 /* MapViewController.swift */; };
		7BBA59D41B9DA59C0025B902 /* Main.storyboard in Resources */ = {isa = PBXBuildFile; fileRef = 7BBA59D21B9DA59C0025B902 /* Main.storyboard */; };
		7BBA59D61B9DA59C0025B902 /* Images.xcassets in Resources */ = {isa = PBXBuildFile; fileRef = 7BBA59D51B9DA59C0025B902 /* Images.xcassets */; };
		7BBA59D91B9DA59C0025B902 /* LaunchScreen.xib in Resources */ = {isa = PBXBuildFile; fileRef = 7BBA59D71B9DA59C0025B902 /* LaunchScreen.xib */; };
		7BBA59E51B9DA59C0025B902 /* DigViewerRemoteTests.swift in Sources */ = {isa = PBXBuildFile; fileRef = 7BBA59E41B9DA59C0025B902 /* DigViewerRemoteTests.swift */; };
		7BC20CCD1BE49CC1003B1EAF /* HeadingOverlay.swift in Sources */ = {isa = PBXBuildFile; fileRef = 7BC20CCC1BE49CC1003B1EAF /* HeadingOverlay.swift */; };
		7BC20CCF1BE50E60003B1EAF /* HeadingOverlayRenderer.swift in Sources */ = {isa = PBXBuildFile; fileRef = 7BC20CCE1BE50E5F003B1EAF /* HeadingOverlayRenderer.swift */; };
		7BD6CF311C0AF1080063C2ED /* PairingViewController.swift in Sources */ = {isa = PBXBuildFile; fileRef = 7BD6CF301C0AF1080063C2ED /* PairingViewController.swift */; };
		7BD72C3B1B9DB2D500DDBC1A /* DVRemoteProtcol.m in Sources */ = {isa = PBXBuildFile; fileRef = 7BD72C371B9DB2D500DDBC1A /* DVRemoteProtcol.m */; };
		7BD72C3C1B9DB2D500DDBC1A /* DVRemoteSession.m in Sources */ = {isa = PBXBuildFile; fileRef = 7BD72C391B9DB2D500DDBC1A /* DVRemoteSession.m */; };
		7BF05B6C1C2E3A4300A4A766 /* CustomActivity.swift in Sources */ = {isa = PBXBuildFile; fileRef = 7BF05B6B1C2E3A4300A4A766 /* CustomActivity.swift */; };
/* End PBXBuildFile section */

/* Begin PBXContainerItemProxy section */
		7BBA59DF1B9DA59C0025B902 /* PBXContainerItemProxy */ = {
			isa = PBXContainerItemProxy;
			containerPortal = 7BBA59C11B9DA59C0025B902 /* Project object */;
			proxyType = 1;
			remoteGlobalIDString = 7BBA59C81B9DA59C0025B902;
			remoteInfo = DigViewerRemote;
		};
/* End PBXContainerItemProxy section */

/* Begin PBXCopyFilesBuildPhase section */
		7BF05B1D1C257CC100A4A766 /* Embed App Extensions */ = {
			isa = PBXCopyFilesBuildPhase;
			buildActionMask = 2147483647;
			dstPath = "";
			dstSubfolderSpec = 13;
			files = (
			);
			name = "Embed App Extensions";
			runOnlyForDeploymentPostprocessing = 0;
		};
/* End PBXCopyFilesBuildPhase section */

/* Begin PBXFileReference section */
		7B14FCA71BB16F2C00374E79 /* InspectorImageCell.swift */ = {isa = PBXFileReference; fileEncoding = 4; lastKnownFileType = sourcecode.swift; path = InspectorImageCell.swift; sourceTree = "<group>"; };
		7B15CD0D1BAD731D00479CFF /* CoreLocation.framework */ = {isa = PBXFileReference; lastKnownFileType = wrapper.framework; name = CoreLocation.framework; path = System/Library/Frameworks/CoreLocation.framework; sourceTree = SDKROOT; };
		7B1F9AAD1BFF7155003E08F3 /* ScrollableContentView.swift */ = {isa = PBXFileReference; fileEncoding = 4; lastKnownFileType = sourcecode.swift; path = ScrollableContentView.swift; sourceTree = "<group>"; };
		7B243E861BF22581001EB2B5 /* SimpleFooterViewController.swift */ = {isa = PBXFileReference; fileEncoding = 4; lastKnownFileType = sourcecode.swift; path = SimpleFooterViewController.swift; sourceTree = "<group>"; };
		7B243E881BF73860001EB2B5 /* DataSourceHeaderController.swift */ = {isa = PBXFileReference; fileEncoding = 4; lastKnownFileType = sourcecode.swift; path = DataSourceHeaderController.swift; sourceTree = "<group>"; };
		7B243E8A1BF8100E001EB2B5 /* DataSourceCell.swift */ = {isa = PBXFileReference; fileEncoding = 4; lastKnownFileType = sourcecode.swift; path = DataSourceCell.swift; sourceTree = "<group>"; };
		7B243E8C1BF8212C001EB2B5 /* DataSourceDetailViewController.swift */ = {isa = PBXFileReference; fileEncoding = 4; lastKnownFileType = sourcecode.swift; path = DataSourceDetailViewController.swift; sourceTree = "<group>"; };
		7B467F731B9F15A1005719E7 /* MapKit.framework */ = {isa = PBXFileReference; lastKnownFileType = wrapper.framework; name = MapKit.framework; path = System/Library/Frameworks/MapKit.framework; sourceTree = SDKROOT; };
		7B467F7B1BA1C2A9005719E7 /* InformationViewController.swift */ = {isa = PBXFileReference; fileEncoding = 4; lastKnownFileType = sourcecode.swift; path = InformationViewController.swift; sourceTree = "<group>"; };
		7B52AA3E1BB055CF0068A842 /* LabelArrangableCell.swift */ = {isa = PBXFileReference; fileEncoding = 4; lastKnownFileType = sourcecode.swift; path = LabelArrangableCell.swift; sourceTree = "<group>"; };
		7B52AA431BB0DE700068A842 /* InspectorTableView.swift */ = {isa = PBXFileReference; fileEncoding = 4; lastKnownFileType = sourcecode.swift; path = InspectorTableView.swift; sourceTree = "<group>"; };
		7B63A8B81BDBBE01004D95E3 /* MapDetailPreferencesViewController.swift */ = {isa = PBXFileReference; fileEncoding = 4; lastKnownFileType = sourcecode.swift; path = MapDetailPreferencesViewController.swift; sourceTree = "<group>"; };
		7B63A8BA1BDBD8E0004D95E3 /* ItemSelectorViewController.swift */ = {isa = PBXFileReference; fileEncoding = 4; lastKnownFileType = sourcecode.swift; path = ItemSelectorViewController.swift; sourceTree = "<group>"; };
		7B6753941BA3BFEA005CC069 /* ServersViewController.swift */ = {isa = PBXFileReference; fileEncoding = 4; lastKnownFileType = sourcecode.swift; path = ServersViewController.swift; sourceTree = "<group>"; };
		7B6C069D1BB67266004902D3 /* ItemListNavigationController.swift */ = {isa = PBXFileReference; fileEncoding = 4; lastKnownFileType = sourcecode.swift; path = ItemListNavigationController.swift; sourceTree = "<group>"; };
		7B6C069F1BB67AAC004902D3 /* ItemListViewController.swift */ = {isa = PBXFileReference; fileEncoding = 4; lastKnownFileType = sourcecode.swift; path = ItemListViewController.swift; sourceTree = "<group>"; };
		7B6C06A11BB68D30004902D3 /* NodeItemCell.swift */ = {isa = PBXFileReference; fileEncoding = 4; lastKnownFileType = sourcecode.swift; path = NodeItemCell.swift; sourceTree = "<group>"; };
		7B6D69A71C2ECD520060212A /* MapURL.swift */ = {isa = PBXFileReference; fileEncoding = 4; lastKnownFileType = sourcecode.swift; path = MapURL.swift; sourceTree = "<group>"; };
		7B7356CE1BB7D88100C1DB19 /* SummaryPopupViewController.swift */ = {isa = PBXFileReference; fileEncoding = 4; lastKnownFileType = sourcecode.swift; path = SummaryPopupViewController.swift; sourceTree = "<group>"; };
		7B7356D11BB7E67100C1DB19 /* AnnotationView.swift */ = {isa = PBXFileReference; fileEncoding = 4; lastKnownFileType = sourcecode.swift; path = AnnotationView.swift; sourceTree = "<group>"; };
		7B7356D31BB83C7700C1DB19 /* PopupView.swift */ = {isa = PBXFileReference; fileEncoding = 4; lastKnownFileType = sourcecode.swift; path = PopupView.swift; sourceTree = "<group>"; };
		7B7356D81BB971C500C1DB19 /* Base */ = {isa = PBXFileReference; lastKnownFileType = text.plist.strings; name = Base; path = Base.lproj/Localizable.strings; sourceTree = "<group>"; };
		7B7356DB1BB9728F00C1DB19 /* ja */ = {isa = PBXFileReference; lastKnownFileType = text.plist.strings; name = ja; path = ja.lproj/Main.strings; sourceTree = "<group>"; };
		7B7356DD1BB9728F00C1DB19 /* ja */ = {isa = PBXFileReference; lastKnownFileType = text.plist.strings; name = ja; path = ja.lproj/Localizable.strings; sourceTree = "<group>"; };
		7B772C311BB1B31F00FA27E8 /* FullImageViewController.swift */ = {isa = PBXFileReference; fileEncoding = 4; lastKnownFileType = sourcecode.swift; path = FullImageViewController.swift; sourceTree = "<group>"; };
		7B7DDD081BAF9DD000C7A488 /* PreferencesViewController.swift */ = {isa = PBXFileReference; fileEncoding = 4; lastKnownFileType = sourcecode.swift; path = PreferencesViewController.swift; sourceTree = "<group>"; };
		7B7DDD0A1BAFA95F00C7A488 /* ConfigurationController.swift */ = {isa = PBXFileReference; fileEncoding = 4; lastKnownFileType = sourcecode.swift; path = ConfigurationController.swift; sourceTree = "<group>"; };
		7B88FB1D1C00CE9600783E17 /* AboutViewController.swift */ = {isa = PBXFileReference; fileEncoding = 4; lastKnownFileType = sourcecode.swift; path = AboutViewController.swift; sourceTree = "<group>"; };
		7B88FB1F1C02D55200783E17 /* AssetListViewController.swift */ = {isa = PBXFileReference; fileEncoding = 4; lastKnownFileType = sourcecode.swift; path = AssetListViewController.swift; sourceTree = "<group>"; };
		7B88FB211C02D58500783E17 /* AssetCell.swift */ = {isa = PBXFileReference; fileEncoding = 4; lastKnownFileType = sourcecode.swift; path = AssetCell.swift; sourceTree = "<group>"; };
		7B9098261BA3DE2E00B03FD8 /* DVRemoteBrowser.h */ = {isa = PBXFileReference; fileEncoding = 4; lastKnownFileType = sourcecode.c.h; name = DVRemoteBrowser.h; path = DigViewer/DVRemoteBrowser.h; sourceTree = SOURCE_ROOT; };
		7B9098271BA3DE2E00B03FD8 /* DVRemoteBrowser.m */ = {isa = PBXFileReference; fileEncoding = 4; lastKnownFileType = sourcecode.c.objc; name = DVRemoteBrowser.m; path = DigViewer/DVRemoteBrowser.m; sourceTree = SOURCE_ROOT; };
		7B90982F1BA40AEF00B03FD8 /* DigViewerRemote-Header.h */ = {isa = PBXFileReference; lastKnownFileType = sourcecode.c.h; path = "DigViewerRemote-Header.h"; sourceTree = "<group>"; };
		7B9098331BA448D800B03FD8 /* ImageMetadataKV.h */ = {isa = PBXFileReference; fileEncoding = 4; lastKnownFileType = sourcecode.c.h; name = ImageMetadataKV.h; path = DigViewer/ImageMetadataKV.h; sourceTree = SOURCE_ROOT; };
		7B9098341BA448D800B03FD8 /* ImageMetadataKV.m */ = {isa = PBXFileReference; fileEncoding = 4; lastKnownFileType = sourcecode.c.objc; name = ImageMetadataKV.m; path = DigViewer/ImageMetadataKV.m; sourceTree = SOURCE_ROOT; };
		7B9098361BA4634C00B03FD8 /* ExifViewController.swift */ = {isa = PBXFileReference; fileEncoding = 4; lastKnownFileType = sourcecode.swift; path = ExifViewController.swift; sourceTree = "<group>"; };
		7BA52EBC1BC92A7100D69AE9 /* MessageView.swift */ = {isa = PBXFileReference; fileEncoding = 4; lastKnownFileType = sourcecode.swift; path = MessageView.swift; sourceTree = "<group>"; };
		7BA52EBE1BCA285200D69AE9 /* DVRemoteClient.h */ = {isa = PBXFileReference; fileEncoding = 4; lastKnownFileType = sourcecode.c.h; name = DVRemoteClient.h; path = DVRemoteProtocol/DVRemoteClient.h; sourceTree = "<group>"; };
		7BA52EBF1BCA285200D69AE9 /* DVRemoteClient.m */ = {isa = PBXFileReference; fileEncoding = 4; lastKnownFileType = sourcecode.c.objc; name = DVRemoteClient.m; path = DVRemoteProtocol/DVRemoteClient.m; sourceTree = "<group>"; };
		7BA52EC01BCA285200D69AE9 /* LRUCache.h */ = {isa = PBXFileReference; fileEncoding = 4; lastKnownFileType = sourcecode.c.h; name = LRUCache.h; path = DVRemoteProtocol/LRUCache.h; sourceTree = "<group>"; };
		7BA52EC11BCA285200D69AE9 /* LRUCache.m */ = {isa = PBXFileReference; fileEncoding = 4; lastKnownFileType = sourcecode.c.objc; name = LRUCache.m; path = DVRemoteProtocol/LRUCache.m; sourceTree = "<group>"; };
		7BA52EC41BCA558B00D69AE9 /* LocalSession.h */ = {isa = PBXFileReference; fileEncoding = 4; lastKnownFileType = sourcecode.c.h; name = LocalSession.h; path = DVRemoteProtocol/LocalSession.h; sourceTree = "<group>"; };
		7BA52EC51BCA558B00D69AE9 /* LocalSession.mm */ = {isa = PBXFileReference; fileEncoding = 4; lastKnownFileType = sourcecode.cpp.objcpp; name = LocalSession.mm; path = DVRemoteProtocol/LocalSession.mm; sourceTree = "<group>"; };
		7BA52EC71BCAB27800D69AE9 /* ImageMetadata.h */ = {isa = PBXFileReference; fileEncoding = 4; lastKnownFileType = sourcecode.c.h; name = ImageMetadata.h; path = DigViewer/ImageMetadata.h; sourceTree = SOURCE_ROOT; };
		7BA52EC81BCAB27800D69AE9 /* ImageMetadata.mm */ = {isa = PBXFileReference; fileEncoding = 4; lastKnownFileType = sourcecode.cpp.objcpp; name = ImageMetadata.mm; path = DigViewer/ImageMetadata.mm; sourceTree = SOURCE_ROOT; };
		7BA52ECA1BCAB52E00D69AE9 /* CoreFoundationHelper.h */ = {isa = PBXFileReference; fileEncoding = 4; lastKnownFileType = sourcecode.c.h; name = CoreFoundationHelper.h; path = DigViewer/CoreFoundationHelper.h; sourceTree = SOURCE_ROOT; };
		7BA52ECB1BCB445E00D69AE9 /* CoreImage.framework */ = {isa = PBXFileReference; lastKnownFileType = wrapper.framework; name = CoreImage.framework; path = System/Library/Frameworks/CoreImage.framework; sourceTree = SDKROOT; };
		7BA52ECC1BCB445E00D69AE9 /* ImageIO.framework */ = {isa = PBXFileReference; lastKnownFileType = wrapper.framework; name = ImageIO.framework; path = System/Library/Frameworks/ImageIO.framework; sourceTree = SDKROOT; };
		7BA52ECF1BCB447B00D69AE9 /* Photos.framework */ = {isa = PBXFileReference; lastKnownFileType = wrapper.framework; name = Photos.framework; path = System/Library/Frameworks/Photos.framework; sourceTree = SDKROOT; };
		7BA52ED11BCB4FF400D69AE9 /* MapGeometry.swift */ = {isa = PBXFileReference; fileEncoding = 4; lastKnownFileType = sourcecode.swift; path = MapGeometry.swift; sourceTree = "<group>"; };
		7BA92C7D1BEDCC1700CE0C56 /* ColorPickerViewController.swift */ = {isa = PBXFileReference; fileEncoding = 4; lastKnownFileType = sourcecode.swift; path = ColorPickerViewController.swift; sourceTree = "<group>"; };
		7BA92C7F1BEDCC6300CE0C56 /* NamedColorCell.swift */ = {isa = PBXFileReference; fileEncoding = 4; lastKnownFileType = sourcecode.swift; path = NamedColorCell.swift; sourceTree = "<group>"; };
		7BA92C831BEE238100CE0C56 /* ColorSelectingCell.swift */ = {isa = PBXFileReference; fileEncoding = 4; lastKnownFileType = sourcecode.swift; path = ColorSelectingCell.swift; sourceTree = "<group>"; };
		7BAFF9DA1BBFF66100B33E0D /* PreferencesNavigationController.swift */ = {isa = PBXFileReference; fileEncoding = 4; lastKnownFileType = sourcecode.swift; path = PreferencesNavigationController.swift; sourceTree = "<group>"; };
		7BB683C11C1C7E8C00A6DFAF /* KMLFile.swift */ = {isa = PBXFileReference; fileEncoding = 4; lastKnownFileType = sourcecode.swift; path = KMLFile.swift; sourceTree = "<group>"; };
		7BBA59C91B9DA59C0025B902 /* DigViewerRemote.app */ = {isa = PBXFileReference; explicitFileType = wrapper.application; includeInIndex = 0; path = DigViewerRemote.app; sourceTree = BUILT_PRODUCTS_DIR; };
		7BBA59CD1B9DA59C0025B902 /* Info.plist */ = {isa = PBXFileReference; lastKnownFileType = text.plist.xml; path = Info.plist; sourceTree = "<group>"; };
		7BBA59CE1B9DA59C0025B902 /* AppDelegate.swift */ = {isa = PBXFileReference; lastKnownFileType = sourcecode.swift; path = AppDelegate.swift; sourceTree = "<group>"; };
		7BBA59D01B9DA59C0025B902 /* MapViewController.swift */ = {isa = PBXFileReference; lastKnownFileType = sourcecode.swift; path = MapViewController.swift; sourceTree = "<group>"; };
		7BBA59D31B9DA59C0025B902 /* Base */ = {isa = PBXFileReference; lastKnownFileType = file.storyboard; name = Base; path = Base.lproj/Main.storyboard; sourceTree = "<group>"; };
		7BBA59D51B9DA59C0025B902 /* Images.xcassets */ = {isa = PBXFileReference; lastKnownFileType = folder.assetcatalog; path = Images.xcassets; sourceTree = "<group>"; };
		7BBA59D81B9DA59C0025B902 /* Base */ = {isa = PBXFileReference; lastKnownFileType = file.xib; name = Base; path = Base.lproj/LaunchScreen.xib; sourceTree = "<group>"; };
		7BBA59DE1B9DA59C0025B902 /* DigViewerRemoteTests.xctest */ = {isa = PBXFileReference; explicitFileType = wrapper.cfbundle; includeInIndex = 0; path = DigViewerRemoteTests.xctest; sourceTree = BUILT_PRODUCTS_DIR; };
		7BBA59E31B9DA59C0025B902 /* Info.plist */ = {isa = PBXFileReference; lastKnownFileType = text.plist.xml; path = Info.plist; sourceTree = "<group>"; };
		7BBA59E41B9DA59C0025B902 /* DigViewerRemoteTests.swift */ = {isa = PBXFileReference; lastKnownFileType = sourcecode.swift; path = DigViewerRemoteTests.swift; sourceTree = "<group>"; };
		7BC20CCC1BE49CC1003B1EAF /* HeadingOverlay.swift */ = {isa = PBXFileReference; fileEncoding = 4; lastKnownFileType = sourcecode.swift; path = HeadingOverlay.swift; sourceTree = "<group>"; };
		7BC20CCE1BE50E5F003B1EAF /* HeadingOverlayRenderer.swift */ = {isa = PBXFileReference; fileEncoding = 4; lastKnownFileType = sourcecode.swift; path = HeadingOverlayRenderer.swift; sourceTree = "<group>"; };
		7BD6CF301C0AF1080063C2ED /* PairingViewController.swift */ = {isa = PBXFileReference; fileEncoding = 4; lastKnownFileType = sourcecode.swift; path = PairingViewController.swift; sourceTree = "<group>"; };
		7BD72C361B9DB2D500DDBC1A /* DVRemoteProtcol.h */ = {isa = PBXFileReference; fileEncoding = 4; lastKnownFileType = sourcecode.c.h; name = DVRemoteProtcol.h; path = DigViewer/DVRemoteProtcol.h; sourceTree = SOURCE_ROOT; };
		7BD72C371B9DB2D500DDBC1A /* DVRemoteProtcol.m */ = {isa = PBXFileReference; fileEncoding = 4; lastKnownFileType = sourcecode.c.objc; name = DVRemoteProtcol.m; path = DigViewer/DVRemoteProtcol.m; sourceTree = SOURCE_ROOT; };
		7BD72C381B9DB2D500DDBC1A /* DVRemoteSession.h */ = {isa = PBXFileReference; fileEncoding = 4; lastKnownFileType = sourcecode.c.h; name = DVRemoteSession.h; path = DigViewer/DVRemoteSession.h; sourceTree = SOURCE_ROOT; };
		7BD72C391B9DB2D500DDBC1A /* DVRemoteSession.m */ = {isa = PBXFileReference; fileEncoding = 4; lastKnownFileType = sourcecode.c.objc; name = DVRemoteSession.m; path = DigViewer/DVRemoteSession.m; sourceTree = SOURCE_ROOT; };
		7BF05B271C259B4700A4A766 /* DigViewerRemote.entitlements */ = {isa = PBXFileReference; lastKnownFileType = text.xml; path = DigViewerRemote.entitlements; sourceTree = "<group>"; };
		7BF05B6B1C2E3A4300A4A766 /* CustomActivity.swift */ = {isa = PBXFileReference; fileEncoding = 4; lastKnownFileType = sourcecode.swift; path = CustomActivity.swift; sourceTree = "<group>"; };
/* End PBXFileReference section */

/* Begin PBXFrameworksBuildPhase section */
		7BBA59C61B9DA59C0025B902 /* Frameworks */ = {
			isa = PBXFrameworksBuildPhase;
			buildActionMask = 2147483647;
			files = (
				7BA52ED01BCB447B00D69AE9 /* Photos.framework in Frameworks */,
				7BA52ECD1BCB445E00D69AE9 /* CoreImage.framework in Frameworks */,
				7BA52ECE1BCB445E00D69AE9 /* ImageIO.framework in Frameworks */,
				7B467F741B9F15A1005719E7 /* MapKit.framework in Frameworks */,
			);
			runOnlyForDeploymentPostprocessing = 0;
		};
		7BBA59DB1B9DA59C0025B902 /* Frameworks */ = {
			isa = PBXFrameworksBuildPhase;
			buildActionMask = 2147483647;
			files = (
			);
			runOnlyForDeploymentPostprocessing = 0;
		};
/* End PBXFrameworksBuildPhase section */

/* Begin PBXGroup section */
		7B06A2ED1BBABF25000DCE97 /* Information View */ = {
			isa = PBXGroup;
			children = (
				7B467F7B1BA1C2A9005719E7 /* InformationViewController.swift */,
				7B9098361BA4634C00B03FD8 /* ExifViewController.swift */,
				7B6C069D1BB67266004902D3 /* ItemListNavigationController.swift */,
				7B6C069F1BB67AAC004902D3 /* ItemListViewController.swift */,
				7B88FB1F1C02D55200783E17 /* AssetListViewController.swift */,
				7B88FB211C02D58500783E17 /* AssetCell.swift */,
			);
			name = "Information View";
			sourceTree = "<group>";
		};
		7B1F9AAF1BFFECF0003E08F3 /* Data Source Selector */ = {
			isa = PBXGroup;
			children = (
				7B6753941BA3BFEA005CC069 /* ServersViewController.swift */,
				7B243E8A1BF8100E001EB2B5 /* DataSourceCell.swift */,
				7B243E881BF73860001EB2B5 /* DataSourceHeaderController.swift */,
				7B243E861BF22581001EB2B5 /* SimpleFooterViewController.swift */,
				7B243E8C1BF8212C001EB2B5 /* DataSourceDetailViewController.swift */,
			);
			name = "Data Source Selector";
			sourceTree = "<group>";
		};
		7B434DB71BD927FC00F6B6E0 /* Frameworks */ = {
			isa = PBXGroup;
			children = (
				7BA52ECF1BCB447B00D69AE9 /* Photos.framework */,
				7BA52ECB1BCB445E00D69AE9 /* CoreImage.framework */,
				7BA52ECC1BCB445E00D69AE9 /* ImageIO.framework */,
				7B15CD0D1BAD731D00479CFF /* CoreLocation.framework */,
				7B467F731B9F15A1005719E7 /* MapKit.framework */,
			);
			name = Frameworks;
			path = ..;
			sourceTree = "<group>";
		};
		7B52AA3B1BB0121E0068A842 /* Views */ = {
			isa = PBXGroup;
			children = (
				7B52AA431BB0DE700068A842 /* InspectorTableView.swift */,
				7B52AA3E1BB055CF0068A842 /* LabelArrangableCell.swift */,
				7B14FCA71BB16F2C00374E79 /* InspectorImageCell.swift */,
				7B6C06A11BB68D30004902D3 /* NodeItemCell.swift */,
				7B1F9AAD1BFF7155003E08F3 /* ScrollableContentView.swift */,
			);
			name = Views;
			sourceTree = "<group>";
		};
		7B7356D01BB7E62C00C1DB19 /* Map View */ = {
			isa = PBXGroup;
			children = (
				7BBA59D01B9DA59C0025B902 /* MapViewController.swift */,
				7BA52ED11BCB4FF400D69AE9 /* MapGeometry.swift */,
				7B7356D11BB7E67100C1DB19 /* AnnotationView.swift */,
				7B7356CE1BB7D88100C1DB19 /* SummaryPopupViewController.swift */,
				7B7356D31BB83C7700C1DB19 /* PopupView.swift */,
				7BA52EBC1BC92A7100D69AE9 /* MessageView.swift */,
				7BC20CCC1BE49CC1003B1EAF /* HeadingOverlay.swift */,
				7BC20CCE1BE50E5F003B1EAF /* HeadingOverlayRenderer.swift */,
				7BB683C11C1C7E8C00A6DFAF /* KMLFile.swift */,
				7B6D69A71C2ECD520060212A /* MapURL.swift */,
				7BF05B6B1C2E3A4300A4A766 /* CustomActivity.swift */,
			);
			name = "Map View";
			sourceTree = "<group>";
		};
		7BAFF9D91BBFF60000B33E0D /* Preferences View */ = {
			isa = PBXGroup;
			children = (
				7BAFF9DA1BBFF66100B33E0D /* PreferencesNavigationController.swift */,
				7B7DDD081BAF9DD000C7A488 /* PreferencesViewController.swift */,
				7B1F9AAF1BFFECF0003E08F3 /* Data Source Selector */,
				7B63A8B81BDBBE01004D95E3 /* MapDetailPreferencesViewController.swift */,
				7BA92C831BEE238100CE0C56 /* ColorSelectingCell.swift */,
				7B63A8BA1BDBD8E0004D95E3 /* ItemSelectorViewController.swift */,
				7BA92C7D1BEDCC1700CE0C56 /* ColorPickerViewController.swift */,
				7BA92C7F1BEDCC6300CE0C56 /* NamedColorCell.swift */,
				7B88FB1D1C00CE9600783E17 /* AboutViewController.swift */,
			);
			name = "Preferences View";
			sourceTree = "<group>";
		};
		7BBA59C01B9DA59C0025B902 = {
			isa = PBXGroup;
			children = (
				7BBA59CB1B9DA59C0025B902 /* DigViewerRemote */,
				7BBA59E11B9DA59C0025B902 /* DigViewerRemoteTests */,
				7BBA59CA1B9DA59C0025B902 /* Products */,
			);
			sourceTree = "<group>";
		};
		7BBA59CA1B9DA59C0025B902 /* Products */ = {
			isa = PBXGroup;
			children = (
				7BBA59C91B9DA59C0025B902 /* DigViewerRemote.app */,
				7BBA59DE1B9DA59C0025B902 /* DigViewerRemoteTests.xctest */,
			);
			name = Products;
			sourceTree = "<group>";
		};
		7BBA59CB1B9DA59C0025B902 /* DigViewerRemote */ = {
			isa = PBXGroup;
			children = (
				7BF05B271C259B4700A4A766 /* DigViewerRemote.entitlements */,
				7BD72C331B9DB2B300DDBC1A /* DV Remote Protocol */,
				7BD72C3E1B9DB3FC00DDBC1A /* Controllers */,
				7B52AA3B1BB0121E0068A842 /* Views */,
				7BD72C3D1B9DB3CC00DDBC1A /* Resources */,
				7BBA59CC1B9DA59C0025B902 /* Supporting Files */,
				7B434DB71BD927FC00F6B6E0 /* Frameworks */,
			);
			path = DigViewerRemote;
			sourceTree = "<group>";
		};
		7BBA59CC1B9DA59C0025B902 /* Supporting Files */ = {
			isa = PBXGroup;
			children = (
				7BBA59CD1B9DA59C0025B902 /* Info.plist */,
				7B90982F1BA40AEF00B03FD8 /* DigViewerRemote-Header.h */,
			);
			name = "Supporting Files";
			sourceTree = "<group>";
		};
		7BBA59E11B9DA59C0025B902 /* DigViewerRemoteTests */ = {
			isa = PBXGroup;
			children = (
				7BBA59E41B9DA59C0025B902 /* DigViewerRemoteTests.swift */,
				7BBA59E21B9DA59C0025B902 /* Supporting Files */,
			);
			path = DigViewerRemoteTests;
			sourceTree = "<group>";
		};
		7BBA59E21B9DA59C0025B902 /* Supporting Files */ = {
			isa = PBXGroup;
			children = (
				7BBA59E31B9DA59C0025B902 /* Info.plist */,
			);
			name = "Supporting Files";
			sourceTree = "<group>";
		};
		7BD72C331B9DB2B300DDBC1A /* DV Remote Protocol */ = {
			isa = PBXGroup;
			children = (
				7BD72C361B9DB2D500DDBC1A /* DVRemoteProtcol.h */,
				7BD72C371B9DB2D500DDBC1A /* DVRemoteProtcol.m */,
				7B9098261BA3DE2E00B03FD8 /* DVRemoteBrowser.h */,
				7B9098271BA3DE2E00B03FD8 /* DVRemoteBrowser.m */,
				7BA52EBE1BCA285200D69AE9 /* DVRemoteClient.h */,
				7BA52EBF1BCA285200D69AE9 /* DVRemoteClient.m */,
				7BD72C381B9DB2D500DDBC1A /* DVRemoteSession.h */,
				7BD72C391B9DB2D500DDBC1A /* DVRemoteSession.m */,
				7B9098331BA448D800B03FD8 /* ImageMetadataKV.h */,
				7B9098341BA448D800B03FD8 /* ImageMetadataKV.m */,
				7BA52EC71BCAB27800D69AE9 /* ImageMetadata.h */,
				7BA52EC81BCAB27800D69AE9 /* ImageMetadata.mm */,
				7BA52EC01BCA285200D69AE9 /* LRUCache.h */,
				7BA52EC11BCA285200D69AE9 /* LRUCache.m */,
				7BA52EC41BCA558B00D69AE9 /* LocalSession.h */,
				7BA52EC51BCA558B00D69AE9 /* LocalSession.mm */,
				7BA52ECA1BCAB52E00D69AE9 /* CoreFoundationHelper.h */,
			);
			name = "DV Remote Protocol";
			sourceTree = "<group>";
		};
		7BD72C3D1B9DB3CC00DDBC1A /* Resources */ = {
			isa = PBXGroup;
			children = (
				7BBA59D21B9DA59C0025B902 /* Main.storyboard */,
				7BBA59D51B9DA59C0025B902 /* Images.xcassets */,
				7BBA59D71B9DA59C0025B902 /* LaunchScreen.xib */,
				7B7356D91BB971C500C1DB19 /* Localizable.strings */,
			);
			name = Resources;
			sourceTree = "<group>";
		};
		7BD72C3E1B9DB3FC00DDBC1A /* Controllers */ = {
			isa = PBXGroup;
			children = (
				7BBA59CE1B9DA59C0025B902 /* AppDelegate.swift */,
				7B7356D01BB7E62C00C1DB19 /* Map View */,
				7B06A2ED1BBABF25000DCE97 /* Information View */,
				7BAFF9D91BBFF60000B33E0D /* Preferences View */,
				7BD6CF301C0AF1080063C2ED /* PairingViewController.swift */,
				7B772C311BB1B31F00FA27E8 /* FullImageViewController.swift */,
				7B7DDD0A1BAFA95F00C7A488 /* ConfigurationController.swift */,
			);
			name = Controllers;
			sourceTree = "<group>";
		};
/* End PBXGroup section */

/* Begin PBXNativeTarget section */
		7BBA59C81B9DA59C0025B902 /* DigViewerRemote */ = {
			isa = PBXNativeTarget;
			buildConfigurationList = 7BBA59E81B9DA59C0025B902 /* Build configuration list for PBXNativeTarget "DigViewerRemote" */;
			buildPhases = (
				7BBA59C51B9DA59C0025B902 /* Sources */,
				7BBA59C61B9DA59C0025B902 /* Frameworks */,
				7BBA59C71B9DA59C0025B902 /* Resources */,
				7BBA59EE1B9DAD710025B902 /* Run Script For Deciding Version */,
				7BF05B1D1C257CC100A4A766 /* Embed App Extensions */,
			);
			buildRules = (
			);
			dependencies = (
			);
			name = DigViewerRemote;
			productName = DigViewerRemote;
			productReference = 7BBA59C91B9DA59C0025B902 /* DigViewerRemote.app */;
			productType = "com.apple.product-type.application";
		};
		7BBA59DD1B9DA59C0025B902 /* DigViewerRemoteTests */ = {
			isa = PBXNativeTarget;
			buildConfigurationList = 7BBA59EB1B9DA59C0025B902 /* Build configuration list for PBXNativeTarget "DigViewerRemoteTests" */;
			buildPhases = (
				7BBA59DA1B9DA59C0025B902 /* Sources */,
				7BBA59DB1B9DA59C0025B902 /* Frameworks */,
				7BBA59DC1B9DA59C0025B902 /* Resources */,
			);
			buildRules = (
			);
			dependencies = (
				7BBA59E01B9DA59C0025B902 /* PBXTargetDependency */,
			);
			name = DigViewerRemoteTests;
			productName = DigViewerRemoteTests;
			productReference = 7BBA59DE1B9DA59C0025B902 /* DigViewerRemoteTests.xctest */;
			productType = "com.apple.product-type.bundle.unit-test";
		};
/* End PBXNativeTarget section */

/* Begin PBXProject section */
		7BBA59C11B9DA59C0025B902 /* Project object */ = {
			isa = PBXProject;
			attributes = {
				LastSwiftMigration = 0700;
				LastSwiftUpdateCheck = 0720;
				LastUpgradeCheck = 0700;
				ORGANIZATIONNAME = opiopan;
				TargetAttributes = {
					7BBA59C81B9DA59C0025B902 = {
						CreatedOnToolsVersion = 6.4;
						DevelopmentTeam = G3Y32477L5;
						SystemCapabilities = {
							com.apple.ApplicationGroups.iOS = {
								enabled = 1;
							};
						};
					};
					7BBA59DD1B9DA59C0025B902 = {
						CreatedOnToolsVersion = 6.4;
						TestTargetID = 7BBA59C81B9DA59C0025B902;
					};
				};
			};
			buildConfigurationList = 7BBA59C41B9DA59C0025B902 /* Build configuration list for PBXProject "DigViewerRemote" */;
			compatibilityVersion = "Xcode 3.2";
			developmentRegion = English;
			hasScannedForEncodings = 0;
			knownRegions = (
				en,
				Base,
				ja,
			);
			mainGroup = 7BBA59C01B9DA59C0025B902;
			productRefGroup = 7BBA59CA1B9DA59C0025B902 /* Products */;
			projectDirPath = "";
			projectRoot = "";
			targets = (
				7BBA59C81B9DA59C0025B902 /* DigViewerRemote */,
				7BBA59DD1B9DA59C0025B902 /* DigViewerRemoteTests */,
			);
		};
/* End PBXProject section */

/* Begin PBXResourcesBuildPhase section */
		7BBA59C71B9DA59C0025B902 /* Resources */ = {
			isa = PBXResourcesBuildPhase;
			buildActionMask = 2147483647;
			files = (
				7B7356D71BB971C500C1DB19 /* Localizable.strings in Resources */,
				7BBA59D41B9DA59C0025B902 /* Main.storyboard in Resources */,
				7BBA59D91B9DA59C0025B902 /* LaunchScreen.xib in Resources */,
				7BBA59D61B9DA59C0025B902 /* Images.xcassets in Resources */,
			);
			runOnlyForDeploymentPostprocessing = 0;
		};
		7BBA59DC1B9DA59C0025B902 /* Resources */ = {
			isa = PBXResourcesBuildPhase;
			buildActionMask = 2147483647;
			files = (
			);
			runOnlyForDeploymentPostprocessing = 0;
		};
/* End PBXResourcesBuildPhase section */

/* Begin PBXShellScriptBuildPhase section */
		7BBA59EE1B9DAD710025B902 /* Run Script For Deciding Version */ = {
			isa = PBXShellScriptBuildPhase;
			buildActionMask = 2147483647;
			files = (
			);
			inputPaths = (
			);
			name = "Run Script For Deciding Version";
			outputPaths = (
			);
			runOnlyForDeploymentPostprocessing = 0;
			shellPath = /bin/sh;
			shellScript = "PLISTBUDDY=/usr/libexec/PlistBuddy\nINFOPLIST=${TARGET_BUILD_DIR}/${CONTENTS_FOLDER_PATH}/Info.plist\n\nSEQ=`git log --oneline | wc -l | awk '{print $1}'`\nBUILD=`git show --format='%h' -s`\nINIT=`git log --oneline --pretty='%h' | tail -1`\nVERSION=`git log --oneline --pretty='%d' | \\\nsed 's/[(),]/ /g' | awk '{for(i=0;i<NF;i++){print $(i+1)}}' | \\\negrep '^RV[0-9\\]' | head -1 | sed 's/^RV//' | sed 's/-/ /g'`\nRAWVERSION=`git log --oneline --pretty='%d' | \\\nsed 's/[(),]/ /g' | awk '{for(i=0;i<NF;i++){print $(i+1)}}' | \\\negrep '^RV[0-9\\]' | head -1 | sed 's/^RV//'`\n\nSUBVERSION=`git log --pretty=\"%h%d\" | sed 's/[(),]/ /g' | \\\nawk -v tag=RV\"$RAWVERSION\" \\\n'BEGIN{subv=0}\n{for (i=1; i <= NF; i++){if ($i == tag){print subv;exit 0;}} subv++}'`\nBUNDLEVERSION=`echo $VERSION | sed 's/ .*//'`.$SEQ\nEND=`git show -s --format=\"%ai\" $BUILD| sed 's/-.*$//'`\nBEGIN=2015\n\n${PLISTBUDDY} -c \"DELETE :OPCaution\" ${INFOPLIST}\n${PLISTBUDDY} -c \"ADD :OPCaution array\" ${INFOPLIST}\ngit branch | grep '^\\* master' > /dev/null\nif ! [ $? = 0 ] ;then\n${PLISTBUDDY} -c \"ADD :OPCaution:0 string 'belong to tentative branch'\" ${INFOPLIST}\nBUNDLEVERSION=\"0.0\"\nSUFFIX=t${SUFFIX}\nfi\nif ! [ \"`git status --porcelain`\" = '' ]; then\n${PLISTBUDDY} -c \"ADD :OPCaution:0 string 'uncommited version'\" ${INFOPLIST}\nBUILD=\"$BUILD+\"\nBUNDLEVERSION=\"0.0\"\nSUBVERSION=`expr $SUBVERSION + 1`\nSUFFIX=u${SUFFIX}\nfi\nif [ \"$CONFIGURATION\" = Debug ];then\n${PLISTBUDDY} -c \"ADD :OPCaution:0 string 'build with debug option'\" ${INFOPLIST}\nBUNDLEVERSION=\"0.0\"\nSUFFIX=d${SUFFIX}\nfi\nif [ $SUBVERSION -ne 0 ];then\nSUFFIX=\".$SUBVERSION$SUFFIX\"\nelse\nSUFFIX=\" $SUFFIX\"\nfi\n\nif [ \"$BEGIN\" = \"$END\" ];then\nPERIOD=\"$BEGIN\"\nelif [ \"$END\" = `expr $BEGIN + 1` ];then\nPERIOD=\"$BEGIN, $END\"\nelse\nPERIOD=\"$BEGIN-$END\"\nfi\nCOPYRIGHT=\"Copyright © $PERIOD opiopan. All rights reserved.\"\n\n${PLISTBUDDY} -c \"SET :CFBundleShortVersionString ${VERSION}${SUFFIX}\" ${INFOPLIST}\n${PLISTBUDDY} -c \"SET :CFBundleVersion ${BUNDLEVERSION}\" ${INFOPLIST}\n${PLISTBUDDY} -c \"ADD :NSHumanReadableCopyright string '${COPYRIGHT}'\" ${INFOPLIST}\n${PLISTBUDDY} -c \"DELETE :OPBuildVersion\" ${INFOPLIST}\n${PLISTBUDDY} -c \"ADD :OPBuildVersion string ${BUILD}\" ${INFOPLIST}";
		};
/* End PBXShellScriptBuildPhase section */

/* Begin PBXSourcesBuildPhase section */
		7BBA59C51B9DA59C0025B902 /* Sources */ = {
			isa = PBXSourcesBuildPhase;
			buildActionMask = 2147483647;
			files = (
				7B1F9AAE1BFF7155003E08F3 /* ScrollableContentView.swift in Sources */,
				7BC20CCF1BE50E60003B1EAF /* HeadingOverlayRenderer.swift in Sources */,
				7BA52EC21BCA285200D69AE9 /* DVRemoteClient.m in Sources */,
				7BAFF9DB1BBFF66100B33E0D /* PreferencesNavigationController.swift in Sources */,
				7BC20CCD1BE49CC1003B1EAF /* HeadingOverlay.swift in Sources */,
				7B243E8B1BF8100E001EB2B5 /* DataSourceCell.swift in Sources */,
				7B63A8B91BDBBE01004D95E3 /* MapDetailPreferencesViewController.swift in Sources */,
				7BA52EC31BCA285200D69AE9 /* LRUCache.m in Sources */,
				7B7DDD0B1BAFA95F00C7A488 /* ConfigurationController.swift in Sources */,
				7BA52EC61BCA558B00D69AE9 /* LocalSession.mm in Sources */,
				7B243E891BF73860001EB2B5 /* DataSourceHeaderController.swift in Sources */,
				7B9098351BA448D800B03FD8 /* ImageMetadataKV.m in Sources */,
				7B52AA3F1BB055CF0068A842 /* LabelArrangableCell.swift in Sources */,
				7B88FB201C02D55200783E17 /* AssetListViewController.swift in Sources */,
				7BD72C3B1B9DB2D500DDBC1A /* DVRemoteProtcol.m in Sources */,
				7BD6CF311C0AF1080063C2ED /* PairingViewController.swift in Sources */,
				7BB683C21C1C7E8C00A6DFAF /* KMLFile.swift in Sources */,
				7BBA59D11B9DA59C0025B902 /* MapViewController.swift in Sources */,
				7B6C069E1BB67266004902D3 /* ItemListNavigationController.swift in Sources */,
				7BF05B6C1C2E3A4300A4A766 /* CustomActivity.swift in Sources */,
				7BA92C801BEDCC6300CE0C56 /* NamedColorCell.swift in Sources */,
				7B88FB221C02D58500783E17 /* AssetCell.swift in Sources */,
				7B6753951BA3BFEA005CC069 /* ServersViewController.swift in Sources */,
				7B7356CF1BB7D88100C1DB19 /* SummaryPopupViewController.swift in Sources */,
				7BBA59CF1B9DA59C0025B902 /* AppDelegate.swift in Sources */,
				7B7356D21BB7E67100C1DB19 /* AnnotationView.swift in Sources */,
				7B7356D41BB83C7700C1DB19 /* PopupView.swift in Sources */,
				7B14FCA81BB16F2C00374E79 /* InspectorImageCell.swift in Sources */,
				7B9098371BA4634C00B03FD8 /* ExifViewController.swift in Sources */,
				7B63A8BB1BDBD8E0004D95E3 /* ItemSelectorViewController.swift in Sources */,
				7B6C06A01BB67AAC004902D3 /* ItemListViewController.swift in Sources */,
				7BA52ED21BCB4FF400D69AE9 /* MapGeometry.swift in Sources */,
				7BA52EC91BCAB27800D69AE9 /* ImageMetadata.mm in Sources */,
				7BA92C841BEE238100CE0C56 /* ColorSelectingCell.swift in Sources */,
				7B467F7C1BA1C2A9005719E7 /* InformationViewController.swift in Sources */,
				7B9098281BA3DE2E00B03FD8 /* DVRemoteBrowser.m in Sources */,
				7B243E8D1BF8212C001EB2B5 /* DataSourceDetailViewController.swift in Sources */,
				7BA92C7E1BEDCC1700CE0C56 /* ColorPickerViewController.swift in Sources */,
				7B52AA441BB0DE700068A842 /* InspectorTableView.swift in Sources */,
				7B88FB1E1C00CE9600783E17 /* AboutViewController.swift in Sources */,
				7B6D69A81C2ECD520060212A /* MapURL.swift in Sources */,
				7B243E871BF22581001EB2B5 /* SimpleFooterViewController.swift in Sources */,
				7B6C06A21BB68D30004902D3 /* NodeItemCell.swift in Sources */,
				7B772C321BB1B31F00FA27E8 /* FullImageViewController.swift in Sources */,
				7BD72C3C1B9DB2D500DDBC1A /* DVRemoteSession.m in Sources */,
				7B7DDD091BAF9DD000C7A488 /* PreferencesViewController.swift in Sources */,
				7BA52EBD1BC92A7100D69AE9 /* MessageView.swift in Sources */,
			);
			runOnlyForDeploymentPostprocessing = 0;
		};
		7BBA59DA1B9DA59C0025B902 /* Sources */ = {
			isa = PBXSourcesBuildPhase;
			buildActionMask = 2147483647;
			files = (
				7BBA59E51B9DA59C0025B902 /* DigViewerRemoteTests.swift in Sources */,
			);
			runOnlyForDeploymentPostprocessing = 0;
		};
/* End PBXSourcesBuildPhase section */

/* Begin PBXTargetDependency section */
		7BBA59E01B9DA59C0025B902 /* PBXTargetDependency */ = {
			isa = PBXTargetDependency;
			target = 7BBA59C81B9DA59C0025B902 /* DigViewerRemote */;
			targetProxy = 7BBA59DF1B9DA59C0025B902 /* PBXContainerItemProxy */;
		};
/* End PBXTargetDependency section */

/* Begin PBXVariantGroup section */
		7B7356D91BB971C500C1DB19 /* Localizable.strings */ = {
			isa = PBXVariantGroup;
			children = (
				7B7356D81BB971C500C1DB19 /* Base */,
				7B7356DD1BB9728F00C1DB19 /* ja */,
			);
			name = Localizable.strings;
			sourceTree = "<group>";
		};
		7BBA59D21B9DA59C0025B902 /* Main.storyboard */ = {
			isa = PBXVariantGroup;
			children = (
				7BBA59D31B9DA59C0025B902 /* Base */,
				7B7356DB1BB9728F00C1DB19 /* ja */,
			);
			name = Main.storyboard;
			sourceTree = "<group>";
		};
		7BBA59D71B9DA59C0025B902 /* LaunchScreen.xib */ = {
			isa = PBXVariantGroup;
			children = (
				7BBA59D81B9DA59C0025B902 /* Base */,
			);
			name = LaunchScreen.xib;
			sourceTree = "<group>";
		};
/* End PBXVariantGroup section */

/* Begin XCBuildConfiguration section */
		7BBA59E61B9DA59C0025B902 /* Debug */ = {
			isa = XCBuildConfiguration;
			buildSettings = {
				ALWAYS_SEARCH_USER_PATHS = NO;
				CLANG_CXX_LANGUAGE_STANDARD = "gnu++0x";
				CLANG_CXX_LIBRARY = "libc++";
				CLANG_ENABLE_MODULES = YES;
				CLANG_ENABLE_OBJC_ARC = YES;
				CLANG_WARN_BOOL_CONVERSION = YES;
				CLANG_WARN_CONSTANT_CONVERSION = YES;
				CLANG_WARN_DIRECT_OBJC_ISA_USAGE = YES_ERROR;
				CLANG_WARN_EMPTY_BODY = YES;
				CLANG_WARN_ENUM_CONVERSION = YES;
				CLANG_WARN_INT_CONVERSION = YES;
				CLANG_WARN_OBJC_ROOT_CLASS = YES_ERROR;
				CLANG_WARN_UNREACHABLE_CODE = YES;
				CLANG_WARN__DUPLICATE_METHOD_MATCH = YES;
				"CODE_SIGN_IDENTITY[sdk=iphoneos*]" = "iPhone Developer";
				COPY_PHASE_STRIP = NO;
				DEBUG_INFORMATION_FORMAT = "dwarf-with-dsym";
				ENABLE_STRICT_OBJC_MSGSEND = YES;
				ENABLE_TESTABILITY = YES;
				GCC_C_LANGUAGE_STANDARD = gnu99;
				GCC_DYNAMIC_NO_PIC = NO;
				GCC_NO_COMMON_BLOCKS = YES;
				GCC_OPTIMIZATION_LEVEL = 0;
				GCC_PREPROCESSOR_DEFINITIONS = (
					"DEBUG=1",
					"$(inherited)",
				);
				GCC_SYMBOLS_PRIVATE_EXTERN = NO;
				GCC_WARN_64_TO_32_BIT_CONVERSION = YES;
				GCC_WARN_ABOUT_RETURN_TYPE = YES_ERROR;
				GCC_WARN_UNDECLARED_SELECTOR = YES;
				GCC_WARN_UNINITIALIZED_AUTOS = YES_AGGRESSIVE;
				GCC_WARN_UNUSED_FUNCTION = YES;
				GCC_WARN_UNUSED_VARIABLE = YES;
				IPHONEOS_DEPLOYMENT_TARGET = 9.0;
				MTL_ENABLE_DEBUG_INFO = YES;
				ONLY_ACTIVE_ARCH = YES;
				SDKROOT = iphoneos;
				SWIFT_OPTIMIZATION_LEVEL = "-Onone";
				TARGETED_DEVICE_FAMILY = "1,2";
			};
			name = Debug;
		};
		7BBA59E71B9DA59C0025B902 /* Release */ = {
			isa = XCBuildConfiguration;
			buildSettings = {
				ALWAYS_SEARCH_USER_PATHS = NO;
				CLANG_CXX_LANGUAGE_STANDARD = "gnu++0x";
				CLANG_CXX_LIBRARY = "libc++";
				CLANG_ENABLE_MODULES = YES;
				CLANG_ENABLE_OBJC_ARC = YES;
				CLANG_WARN_BOOL_CONVERSION = YES;
				CLANG_WARN_CONSTANT_CONVERSION = YES;
				CLANG_WARN_DIRECT_OBJC_ISA_USAGE = YES_ERROR;
				CLANG_WARN_EMPTY_BODY = YES;
				CLANG_WARN_ENUM_CONVERSION = YES;
				CLANG_WARN_INT_CONVERSION = YES;
				CLANG_WARN_OBJC_ROOT_CLASS = YES_ERROR;
				CLANG_WARN_UNREACHABLE_CODE = YES;
				CLANG_WARN__DUPLICATE_METHOD_MATCH = YES;
				"CODE_SIGN_IDENTITY[sdk=iphoneos*]" = "iPhone Developer";
				COPY_PHASE_STRIP = NO;
				DEBUG_INFORMATION_FORMAT = "dwarf-with-dsym";
				ENABLE_NS_ASSERTIONS = NO;
				ENABLE_STRICT_OBJC_MSGSEND = YES;
				GCC_C_LANGUAGE_STANDARD = gnu99;
				GCC_NO_COMMON_BLOCKS = YES;
				GCC_WARN_64_TO_32_BIT_CONVERSION = YES;
				GCC_WARN_ABOUT_RETURN_TYPE = YES_ERROR;
				GCC_WARN_UNDECLARED_SELECTOR = YES;
				GCC_WARN_UNINITIALIZED_AUTOS = YES_AGGRESSIVE;
				GCC_WARN_UNUSED_FUNCTION = YES;
				GCC_WARN_UNUSED_VARIABLE = YES;
				IPHONEOS_DEPLOYMENT_TARGET = 9.0;
				MTL_ENABLE_DEBUG_INFO = NO;
				SDKROOT = iphoneos;
				TARGETED_DEVICE_FAMILY = "1,2";
				VALIDATE_PRODUCT = YES;
			};
			name = Release;
		};
		7BBA59E91B9DA59C0025B902 /* Debug */ = {
			isa = XCBuildConfiguration;
			buildSettings = {
				ASSETCATALOG_COMPILER_APPICON_NAME = AppIcon;
				CODE_SIGN_ENTITLEMENTS = DigViewerRemote/DigViewerRemote.entitlements;
				CODE_SIGN_IDENTITY = "iPhone Developer";
				"CODE_SIGN_IDENTITY[sdk=iphoneos*]" = "iPhone Developer";
				EMBEDDED_CONTENT_CONTAINS_SWIFT = YES;
				INFOPLIST_FILE = DigViewerRemote/Info.plist;
				LD_RUNPATH_SEARCH_PATHS = "$(inherited) @executable_path/Frameworks";
				PRODUCT_BUNDLE_IDENTIFIER = "com.opiopan.$(PRODUCT_NAME:rfc1034identifier)";
				PRODUCT_NAME = "$(TARGET_NAME)";
				PROVISIONING_PROFILE = "";
				SWIFT_OBJC_BRIDGING_HEADER = "DigViewerRemote/DigViewerRemote-Header.h";
			};
			name = Debug;
		};
		7BBA59EA1B9DA59C0025B902 /* Release */ = {
			isa = XCBuildConfiguration;
			buildSettings = {
				ASSETCATALOG_COMPILER_APPICON_NAME = AppIcon;
				CODE_SIGN_ENTITLEMENTS = DigViewerRemote/DigViewerRemote.entitlements;
				CODE_SIGN_IDENTITY = "iPhone Developer";
				"CODE_SIGN_IDENTITY[sdk=iphoneos*]" = "iPhone Developer";
				EMBEDDED_CONTENT_CONTAINS_SWIFT = YES;
				INFOPLIST_FILE = DigViewerRemote/Info.plist;
				LD_RUNPATH_SEARCH_PATHS = "$(inherited) @executable_path/Frameworks";
				PRODUCT_BUNDLE_IDENTIFIER = "com.opiopan.$(PRODUCT_NAME:rfc1034identifier)";
				PRODUCT_NAME = "$(TARGET_NAME)";
				PROVISIONING_PROFILE = "";
				SWIFT_OBJC_BRIDGING_HEADER = "DigViewerRemote/DigViewerRemote-Header.h";
			};
			name = Release;
		};
		7BBA59EC1B9DA59C0025B902 /* Debug */ = {
			isa = XCBuildConfiguration;
			buildSettings = {
				BUNDLE_LOADER = "$(TEST_HOST)";
				FRAMEWORK_SEARCH_PATHS = (
					"$(SDKROOT)/System/Library/Frameworks",
					"$(inherited)",
				);
				GCC_PREPROCESSOR_DEFINITIONS = (
					"DEBUG=1",
					"$(inherited)",
				);
				INFOPLIST_FILE = DigViewerRemoteTests/Info.plist;
				LD_RUNPATH_SEARCH_PATHS = "$(inherited) @executable_path/Frameworks @loader_path/Frameworks";
				PRODUCT_BUNDLE_IDENTIFIER = "com.opiopan.$(PRODUCT_NAME:rfc1034identifier)";
				PRODUCT_NAME = "$(TARGET_NAME)";
				TEST_HOST = "$(BUILT_PRODUCTS_DIR)/DigViewerRemote.app/DigViewerRemote";
			};
			name = Debug;
		};
		7BBA59ED1B9DA59C0025B902 /* Release */ = {
			isa = XCBuildConfiguration;
			buildSettings = {
				BUNDLE_LOADER = "$(TEST_HOST)";
				FRAMEWORK_SEARCH_PATHS = (
					"$(SDKROOT)/System/Library/Frameworks",
					"$(inherited)",
				);
				INFOPLIST_FILE = DigViewerRemoteTests/Info.plist;
				LD_RUNPATH_SEARCH_PATHS = "$(inherited) @executable_path/Frameworks @loader_path/Frameworks";
				PRODUCT_BUNDLE_IDENTIFIER = "com.opiopan.$(PRODUCT_NAME:rfc1034identifier)";
				PRODUCT_NAME = "$(TARGET_NAME)";
				TEST_HOST = "$(BUILT_PRODUCTS_DIR)/DigViewerRemote.app/DigViewerRemote";
			};
			name = Release;
		};
/* End XCBuildConfiguration section */

/* Begin XCConfigurationList section */
		7BBA59C41B9DA59C0025B902 /* Build configuration list for PBXProject "DigViewerRemote" */ = {
			isa = XCConfigurationList;
			buildConfigurations = (
				7BBA59E61B9DA59C0025B902 /* Debug */,
				7BBA59E71B9DA59C0025B902 /* Release */,
			);
			defaultConfigurationIsVisible = 0;
			defaultConfigurationName = Release;
		};
		7BBA59E81B9DA59C0025B902 /* Build configuration list for PBXNativeTarget "DigViewerRemote" */ = {
			isa = XCConfigurationList;
			buildConfigurations = (
				7BBA59E91B9DA59C0025B902 /* Debug */,
				7BBA59EA1B9DA59C0025B902 /* Release */,
			);
			defaultConfigurationIsVisible = 0;
			defaultConfigurationName = Release;
		};
		7BBA59EB1B9DA59C0025B902 /* Build configuration list for PBXNativeTarget "DigViewerRemoteTests" */ = {
			isa = XCConfigurationList;
			buildConfigurations = (
				7BBA59EC1B9DA59C0025B902 /* Debug */,
				7BBA59ED1B9DA59C0025B902 /* Release */,
			);
			defaultConfigurationIsVisible = 0;
			defaultConfigurationName = Release;
		};
/* End XCConfigurationList section */
	};
	rootObject = 7BBA59C11B9DA59C0025B902 /* Project object */;
}
