// !$*UTF8*$!
{
	archiveVersion = 1;
	classes = {
	};
	objectVersion = 46;
	objects = {

/* Begin PBXAggregateTarget section */
		7B53405E1703F3F2008AEDB6 /* Install Disk Image */ = {
			isa = PBXAggregateTarget;
			buildConfigurationList = 7B53405F1703F3F2008AEDB6 /* Build configuration list for PBXAggregateTarget "Install Disk Image" */;
			buildPhases = (
				7B5340641703F45F008AEDB6 /* ShellScript */,
			);
			dependencies = (
				7B5340631703F450008AEDB6 /* PBXTargetDependency */,
			);
			name = "Install Disk Image";
			productName = "Install Disk Image";
		};
/* End PBXAggregateTarget section */

/* Begin PBXBuildFile section */
		38C57FF3190F7E0A004D373F /* NSColor+JavascriptColorSpace.m in Sources */ = {isa = PBXBuildFile; fileRef = 38C57FF2190F7E0A004D373F /* NSColor+JavascriptColorSpace.m */; };
		7B01210916B4C6A9004AA730 /* down.png in Resources */ = {isa = PBXBuildFile; fileRef = 7B01210716B4C6A9004AA730 /* down.png */; };
		7B01210D16B68DFF004AA730 /* NSViewController+Nested.m in Sources */ = {isa = PBXBuildFile; fileRef = 7B01210C16B68DFF004AA730 /* NSViewController+Nested.m */; };
		7B0DBEB216A014B6000365F4 /* MainViewController.m in Sources */ = {isa = PBXBuildFile; fileRef = 7B0DBEB116A014B6000365F4 /* MainViewController.m */; };
		7B0DBEB616A01545000365F4 /* MainView.xib in Resources */ = {isa = PBXBuildFile; fileRef = 7B0DBEB416A01545000365F4 /* MainView.xib */; };
		7B0DBECA16A0F665000365F4 /* FolderOutlineViewController.m in Sources */ = {isa = PBXBuildFile; fileRef = 7B0DBEC916A0F665000365F4 /* FolderOutlineViewController.m */; };
		7B0DBECE16A0F767000365F4 /* ImageViewController.mm in Sources */ = {isa = PBXBuildFile; fileRef = 7B0DBECD16A0F767000365F4 /* ImageViewController.mm */; };
		7B0DBED116A0F7A9000365F4 /* FolderOutlineView.xib in Resources */ = {isa = PBXBuildFile; fileRef = 7B0DBECF16A0F7A9000365F4 /* FolderOutlineView.xib */; };
		7B0DBED416A0F89C000365F4 /* ImageView.xib in Resources */ = {isa = PBXBuildFile; fileRef = 7B0DBED216A0F89C000365F4 /* ImageView.xib */; };
		7B0DBED716A0FE24000365F4 /* NSView+ViewControllerAssociation.m in Sources */ = {isa = PBXBuildFile; fileRef = 7B0DBED616A0FE24000365F4 /* NSView+ViewControllerAssociation.m */; };
		7B0DBEDD16A296DC000365F4 /* ThumbnailViewController.m in Sources */ = {isa = PBXBuildFile; fileRef = 7B0DBEDC16A296DC000365F4 /* ThumbnailViewController.m */; };
		7B0DBEE016A297E2000365F4 /* ThumbnailView.xib in Resources */ = {isa = PBXBuildFile; fileRef = 7B0DBEDE16A297E2000365F4 /* ThumbnailView.xib */; };
		7B0DBEE216A2A2FD000365F4 /* Quartz.framework in Frameworks */ = {isa = PBXBuildFile; fileRef = 7B0DBEE116A2A2FD000365F4 /* Quartz.framework */; };
		7B0DBEF816A81FB5000365F4 /* DigViewer.icns in Resources */ = {isa = PBXBuildFile; fileRef = 7B0DBEF716A81FB4000365F4 /* DigViewer.icns */; };
		7B0DBF0416A84335000365F4 /* ClickableImageView.mm in Sources */ = {isa = PBXBuildFile; fileRef = 7B0DBF0316A84335000365F4 /* ClickableImageView.mm */; };
		7B1AC4A818B05384004136CD /* InspectorViewController.m in Sources */ = {isa = PBXBuildFile; fileRef = 7B1AC4A718B05384004136CD /* InspectorViewController.m */; };
		7B1CC21618D86DC5007527E6 /* InfoPlistController.m in Sources */ = {isa = PBXBuildFile; fileRef = 7B1CC21518D86DC5007527E6 /* InfoPlistController.m */; };
		7B30AC2718A6000F00A70555 /* DocumentWindowController.m in Sources */ = {isa = PBXBuildFile; fileRef = 7B30AC2518A6000F00A70555 /* DocumentWindowController.m */; };
		7B30AC2E18ADFF3000A70555 /* NSObject+MenuItemValidator.m in Sources */ = {isa = PBXBuildFile; fileRef = 7B30AC2D18ADFF3000A70555 /* NSObject+MenuItemValidator.m */; };
		7B36259318DE65D4008471E2 /* FlatSplitView.m in Sources */ = {isa = PBXBuildFile; fileRef = 7B36259218DE65D4008471E2 /* FlatSplitView.m */; };
		7B36259618DE761E008471E2 /* KeyUncapturedTabView.m in Sources */ = {isa = PBXBuildFile; fileRef = 7B36259518DE761E008471E2 /* KeyUncapturedTabView.m */; };
		7B3920341696CA1800E139D0 /* Cocoa.framework in Frameworks */ = {isa = PBXBuildFile; fileRef = 7B3920331696CA1800E139D0 /* Cocoa.framework */; };
		7B39203E1696CA1800E139D0 /* InfoPlist.strings in Resources */ = {isa = PBXBuildFile; fileRef = 7B39203C1696CA1800E139D0 /* InfoPlist.strings */; };
		7B3920401696CA1800E139D0 /* main.m in Sources */ = {isa = PBXBuildFile; fileRef = 7B39203F1696CA1800E139D0 /* main.m */; };
		7B3920471696CA1800E139D0 /* Document.m in Sources */ = {isa = PBXBuildFile; fileRef = 7B3920461696CA1800E139D0 /* Document.m */; };
		7B39204A1696CA1800E139D0 /* Document.xib in Resources */ = {isa = PBXBuildFile; fileRef = 7B3920481696CA1800E139D0 /* Document.xib */; };
		7B39204D1696CA1900E139D0 /* MainMenu.xib in Resources */ = {isa = PBXBuildFile; fileRef = 7B39204B1696CA1900E139D0 /* MainMenu.xib */; };
		7B4E8E0F16BDD4C5001C5D09 /* FrameView.m in Sources */ = {isa = PBXBuildFile; fileRef = 7B4E8E0E16BDD4C5001C5D09 /* FrameView.m */; };
		7B4E8E1216BEAAC3001C5D09 /* BasicBackgroundView.m in Sources */ = {isa = PBXBuildFile; fileRef = 7B4E8E1116BEAAC3001C5D09 /* BasicBackgroundView.m */; };
		7B4E8E2216C827D3001C5D09 /* Localizable.strings in Resources */ = {isa = PBXBuildFile; fileRef = 7B4E8E2416C827D3001C5D09 /* Localizable.strings */; };
		7B5340581703F2BE008AEDB6 /* DigViewer-in.sparseimage in Resources */ = {isa = PBXBuildFile; fileRef = 7B5340561703F2BE008AEDB6 /* DigViewer-in.sparseimage */; };
		7B5340591703F2BE008AEDB6 /* DigViewerBackground.idraw in Resources */ = {isa = PBXBuildFile; fileRef = 7B5340571703F2BE008AEDB6 /* DigViewerBackground.idraw */; };
		7B697E3B169C547200A9E247 /* ImageWithTextCell.m in Sources */ = {isa = PBXBuildFile; fileRef = 7B697E3A169C547200A9E247 /* ImageWithTextCell.m */; };
		7B697E4E169DB4A700A9E247 /* LoadingSheetController.m in Sources */ = {isa = PBXBuildFile; fileRef = 7B697E4D169DB4A700A9E247 /* LoadingSheetController.m */; };
		7B697E51169DB8A000A9E247 /* LoadingSheet.xib in Resources */ = {isa = PBXBuildFile; fileRef = 7B697E53169DB8A000A9E247 /* LoadingSheet.xib */; };
		7B6B3B1418E438D00004098F /* WebKit.framework in Frameworks */ = {isa = PBXBuildFile; fileRef = 7B6B3B1318E438D00004098F /* WebKit.framework */; };
		7B6CE7BA18B3970F00CD445A /* ImageMetadata.mm in Sources */ = {isa = PBXBuildFile; fileRef = 7B6CE7B918B3970F00CD445A /* ImageMetadata.mm */; };
		7B9B24641AD101D1008F6E64 /* AppDelegate.m in Sources */ = {isa = PBXBuildFile; fileRef = 7B9B24631AD101D1008F6E64 /* AppDelegate.m */; };
		7B9F9E8618E7D91D0042337F /* GPSMapView.m in Sources */ = {isa = PBXBuildFile; fileRef = 7B9F9E8518E7D91D0042337F /* GPSMapView.m */; };
		7B9F9E8818E7DBBA0042337F /* GPSMapView.js in Sources */ = {isa = PBXBuildFile; fileRef = 7B9F9E8718E7DBBA0042337F /* GPSMapView.js */; };
		7B9F9E8B18E7DD4F0042337F /* GPSMapView.js in CopyFiles */ = {isa = PBXBuildFile; fileRef = 7B9F9E8718E7DBBA0042337F /* GPSMapView.js */; };
		7BA7AF2F1911210100BFCBE2 /* PreferencesDefaultsController.m in Sources */ = {isa = PBXBuildFile; fileRef = 7BA7AF2E1911210100BFCBE2 /* PreferencesDefaultsController.m */; };
		7BC667A318B05213000CB995 /* InspectorView.xib in Resources */ = {isa = PBXBuildFile; fileRef = 7BC667A518B05213000CB995 /* InspectorView.xib */; };
		7BD874931AD13A3C009C43BF /* NSString+escaping.m in Sources */ = {isa = PBXBuildFile; fileRef = 7BD874921AD13A3C009C43BF /* NSString+escaping.m */; };
		7BF678AD16983C7C00FE39B4 /* PathNode.mm in Sources */ = {isa = PBXBuildFile; fileRef = 7BF678AC16983C7C00FE39B4 /* PathNode.mm */; };
		7BF678B61699143B00FE39B4 /* NSImage+CapabilityDetermining.m in Sources */ = {isa = PBXBuildFile; fileRef = 7BF678B51699143B00FE39B4 /* NSImage+CapabilityDetermining.m */; };
		7BF678B91699359A00FE39B4 /* PathfinderPinnedFile.m in Sources */ = {isa = PBXBuildFile; fileRef = 7BF678B81699359A00FE39B4 /* PathfinderPinnedFile.m */; };
		7BF8E2A516AA7C9F0007E788 /* up.png in Resources */ = {isa = PBXBuildFile; fileRef = 7BF8E2A416AA7C9F0007E788 /* up.png */; };
		7BFA83A318AF1B0300B1BCBC /* NSWindow+TracingResponderChain.m in Sources */ = {isa = PBXBuildFile; fileRef = 7BFA83A218AF1B0300B1BCBC /* NSWindow+TracingResponderChain.m */; };
/* End PBXBuildFile section */

/* Begin PBXBuildRule section */
		7B17D21F19024B1400848FF0 /* PBXBuildRule */ = {
			isa = PBXBuildRule;
			compilerSpec = com.apple.compilers.proxy.script;
			filePatterns = "*.js";
			fileType = pattern.proxy;
			isEditable = 1;
			outputFiles = (
			);
			script = true;
		};
/* End PBXBuildRule section */

/* Begin PBXContainerItemProxy section */
		7B5340621703F450008AEDB6 /* PBXContainerItemProxy */ = {
			isa = PBXContainerItemProxy;
			containerPortal = 7B3920261696CA1800E139D0 /* Project object */;
			proxyType = 1;
			remoteGlobalIDString = 7B39202E1696CA1800E139D0;
			remoteInfo = DigViewer;
		};
/* End PBXContainerItemProxy section */

/* Begin PBXCopyFilesBuildPhase section */
		7B9F9E8A18E7DD450042337F /* CopyFiles */ = {
			isa = PBXCopyFilesBuildPhase;
			buildActionMask = 2147483647;
			dstPath = "";
			dstSubfolderSpec = 7;
			files = (
				7B9F9E8B18E7DD4F0042337F /* GPSMapView.js in CopyFiles */,
			);
			runOnlyForDeploymentPostprocessing = 0;
		};
/* End PBXCopyFilesBuildPhase section */

/* Begin PBXFileReference section */
		38C57FF1190F7E0A004D373F /* NSColor+JavascriptColorSpace.h */ = {isa = PBXFileReference; fileEncoding = 4; lastKnownFileType = sourcecode.c.h; path = "NSColor+JavascriptColorSpace.h"; sourceTree = "<group>"; };
		38C57FF2190F7E0A004D373F /* NSColor+JavascriptColorSpace.m */ = {isa = PBXFileReference; fileEncoding = 4; lastKnownFileType = sourcecode.c.objc; path = "NSColor+JavascriptColorSpace.m"; sourceTree = "<group>"; };
		7B01210616B4C6A9004AA730 /* down.idraw */ = {isa = PBXFileReference; lastKnownFileType = file; name = down.idraw; path = resources/down.idraw; sourceTree = "<group>"; };
		7B01210716B4C6A9004AA730 /* down.png */ = {isa = PBXFileReference; lastKnownFileType = image.png; name = down.png; path = resources/down.png; sourceTree = "<group>"; };
		7B01210B16B68DFE004AA730 /* NSViewController+Nested.h */ = {isa = PBXFileReference; fileEncoding = 4; lastKnownFileType = sourcecode.c.h; path = "NSViewController+Nested.h"; sourceTree = "<group>"; };
		7B01210C16B68DFF004AA730 /* NSViewController+Nested.m */ = {isa = PBXFileReference; fileEncoding = 4; lastKnownFileType = sourcecode.c.objc; path = "NSViewController+Nested.m"; sourceTree = "<group>"; };
		7B0DBEB016A014B6000365F4 /* MainViewController.h */ = {isa = PBXFileReference; fileEncoding = 4; lastKnownFileType = sourcecode.c.h; path = MainViewController.h; sourceTree = "<group>"; };
		7B0DBEB116A014B6000365F4 /* MainViewController.m */ = {isa = PBXFileReference; fileEncoding = 4; lastKnownFileType = sourcecode.c.objc; path = MainViewController.m; sourceTree = "<group>"; };
		7B0DBEB516A01545000365F4 /* en */ = {isa = PBXFileReference; lastKnownFileType = file.xib; name = en; path = en.lproj/MainView.xib; sourceTree = "<group>"; };
		7B0DBEC816A0F664000365F4 /* FolderOutlineViewController.h */ = {isa = PBXFileReference; fileEncoding = 4; lastKnownFileType = sourcecode.c.h; path = FolderOutlineViewController.h; sourceTree = "<group>"; };
		7B0DBEC916A0F665000365F4 /* FolderOutlineViewController.m */ = {isa = PBXFileReference; fileEncoding = 4; lastKnownFileType = sourcecode.c.objc; path = FolderOutlineViewController.m; sourceTree = "<group>"; };
		7B0DBECC16A0F767000365F4 /* ImageViewController.h */ = {isa = PBXFileReference; fileEncoding = 4; lastKnownFileType = sourcecode.c.h; path = ImageViewController.h; sourceTree = "<group>"; };
		7B0DBECD16A0F767000365F4 /* ImageViewController.mm */ = {isa = PBXFileReference; fileEncoding = 4; lastKnownFileType = sourcecode.cpp.objcpp; path = ImageViewController.mm; sourceTree = "<group>"; };
		7B0DBED016A0F7A9000365F4 /* en */ = {isa = PBXFileReference; lastKnownFileType = file.xib; name = en; path = en.lproj/FolderOutlineView.xib; sourceTree = "<group>"; };
		7B0DBED316A0F89C000365F4 /* en */ = {isa = PBXFileReference; lastKnownFileType = file.xib; name = en; path = en.lproj/ImageView.xib; sourceTree = "<group>"; };
		7B0DBED516A0FE24000365F4 /* NSView+ViewControllerAssociation.h */ = {isa = PBXFileReference; fileEncoding = 4; lastKnownFileType = sourcecode.c.h; path = "NSView+ViewControllerAssociation.h"; sourceTree = "<group>"; };
		7B0DBED616A0FE24000365F4 /* NSView+ViewControllerAssociation.m */ = {isa = PBXFileReference; fileEncoding = 4; lastKnownFileType = sourcecode.c.objc; path = "NSView+ViewControllerAssociation.m"; sourceTree = "<group>"; };
		7B0DBEDB16A296DC000365F4 /* ThumbnailViewController.h */ = {isa = PBXFileReference; fileEncoding = 4; lastKnownFileType = sourcecode.c.h; path = ThumbnailViewController.h; sourceTree = "<group>"; };
		7B0DBEDC16A296DC000365F4 /* ThumbnailViewController.m */ = {isa = PBXFileReference; fileEncoding = 4; lastKnownFileType = sourcecode.c.objc; path = ThumbnailViewController.m; sourceTree = "<group>"; };
		7B0DBEDF16A297E2000365F4 /* en */ = {isa = PBXFileReference; lastKnownFileType = file.xib; name = en; path = en.lproj/ThumbnailView.xib; sourceTree = "<group>"; };
		7B0DBEE116A2A2FD000365F4 /* Quartz.framework */ = {isa = PBXFileReference; lastKnownFileType = wrapper.framework; name = Quartz.framework; path = System/Library/Frameworks/Quartz.framework; sourceTree = SDKROOT; };
		7B0DBEF716A81FB4000365F4 /* DigViewer.icns */ = {isa = PBXFileReference; lastKnownFileType = image.icns; path = DigViewer.icns; sourceTree = SOURCE_ROOT; };
		7B0DBF0216A84335000365F4 /* ClickableImageView.h */ = {isa = PBXFileReference; fileEncoding = 4; lastKnownFileType = sourcecode.c.h; path = ClickableImageView.h; sourceTree = "<group>"; };
		7B0DBF0316A84335000365F4 /* ClickableImageView.mm */ = {isa = PBXFileReference; fileEncoding = 4; lastKnownFileType = sourcecode.cpp.objcpp; path = ClickableImageView.mm; sourceTree = "<group>"; };
		7B1AC4A618B05384004136CD /* InspectorViewController.h */ = {isa = PBXFileReference; fileEncoding = 4; lastKnownFileType = sourcecode.c.h; path = InspectorViewController.h; sourceTree = "<group>"; };
		7B1AC4A718B05384004136CD /* InspectorViewController.m */ = {isa = PBXFileReference; fileEncoding = 4; lastKnownFileType = sourcecode.c.objc; path = InspectorViewController.m; sourceTree = "<group>"; };
		7B1CC21418D86DC5007527E6 /* InfoPlistController.h */ = {isa = PBXFileReference; fileEncoding = 4; lastKnownFileType = sourcecode.c.h; path = InfoPlistController.h; sourceTree = "<group>"; };
		7B1CC21518D86DC5007527E6 /* InfoPlistController.m */ = {isa = PBXFileReference; fileEncoding = 4; lastKnownFileType = sourcecode.c.objc; path = InfoPlistController.m; sourceTree = "<group>"; };
		7B30AC2418A6000F00A70555 /* DocumentWindowController.h */ = {isa = PBXFileReference; fileEncoding = 4; lastKnownFileType = sourcecode.c.h; path = DocumentWindowController.h; sourceTree = "<group>"; };
		7B30AC2518A6000F00A70555 /* DocumentWindowController.m */ = {isa = PBXFileReference; fileEncoding = 4; lastKnownFileType = sourcecode.c.objc; path = DocumentWindowController.m; sourceTree = "<group>"; };
		7B30AC2C18ADFF3000A70555 /* NSObject+MenuItemValidator.h */ = {isa = PBXFileReference; fileEncoding = 4; lastKnownFileType = sourcecode.c.h; path = "NSObject+MenuItemValidator.h"; sourceTree = "<group>"; };
		7B30AC2D18ADFF3000A70555 /* NSObject+MenuItemValidator.m */ = {isa = PBXFileReference; fileEncoding = 4; lastKnownFileType = sourcecode.c.objc; path = "NSObject+MenuItemValidator.m"; sourceTree = "<group>"; };
		7B36259118DE65D4008471E2 /* FlatSplitView.h */ = {isa = PBXFileReference; fileEncoding = 4; lastKnownFileType = sourcecode.c.h; path = FlatSplitView.h; sourceTree = "<group>"; };
		7B36259218DE65D4008471E2 /* FlatSplitView.m */ = {isa = PBXFileReference; fileEncoding = 4; lastKnownFileType = sourcecode.c.objc; path = FlatSplitView.m; sourceTree = "<group>"; };
		7B36259418DE761E008471E2 /* KeyUncapturedTabView.h */ = {isa = PBXFileReference; fileEncoding = 4; lastKnownFileType = sourcecode.c.h; path = KeyUncapturedTabView.h; sourceTree = "<group>"; };
		7B36259518DE761E008471E2 /* KeyUncapturedTabView.m */ = {isa = PBXFileReference; fileEncoding = 4; lastKnownFileType = sourcecode.c.objc; path = KeyUncapturedTabView.m; sourceTree = "<group>"; };
		7B39202F1696CA1800E139D0 /* DigViewer.app */ = {isa = PBXFileReference; explicitFileType = wrapper.application; includeInIndex = 0; path = DigViewer.app; sourceTree = BUILT_PRODUCTS_DIR; };
		7B3920331696CA1800E139D0 /* Cocoa.framework */ = {isa = PBXFileReference; lastKnownFileType = wrapper.framework; name = Cocoa.framework; path = System/Library/Frameworks/Cocoa.framework; sourceTree = SDKROOT; };
		7B3920361696CA1800E139D0 /* AppKit.framework */ = {isa = PBXFileReference; lastKnownFileType = wrapper.framework; name = AppKit.framework; path = System/Library/Frameworks/AppKit.framework; sourceTree = SDKROOT; };
		7B3920371696CA1800E139D0 /* CoreData.framework */ = {isa = PBXFileReference; lastKnownFileType = wrapper.framework; name = CoreData.framework; path = System/Library/Frameworks/CoreData.framework; sourceTree = SDKROOT; };
		7B3920381696CA1800E139D0 /* Foundation.framework */ = {isa = PBXFileReference; lastKnownFileType = wrapper.framework; name = Foundation.framework; path = System/Library/Frameworks/Foundation.framework; sourceTree = SDKROOT; };
		7B39203B1696CA1800E139D0 /* DigViewer-Info.plist */ = {isa = PBXFileReference; lastKnownFileType = text.plist.xml; path = "DigViewer-Info.plist"; sourceTree = "<group>"; };
		7B39203F1696CA1800E139D0 /* main.m */ = {isa = PBXFileReference; lastKnownFileType = sourcecode.c.objc; path = main.m; sourceTree = "<group>"; };
		7B3920411696CA1800E139D0 /* DigViewer-Prefix.pch */ = {isa = PBXFileReference; lastKnownFileType = sourcecode.c.h; path = "DigViewer-Prefix.pch"; sourceTree = "<group>"; };
		7B3920451696CA1800E139D0 /* Document.h */ = {isa = PBXFileReference; lastKnownFileType = sourcecode.c.h; path = Document.h; sourceTree = "<group>"; };
		7B3920461696CA1800E139D0 /* Document.m */ = {isa = PBXFileReference; lastKnownFileType = sourcecode.c.objc; path = Document.m; sourceTree = "<group>"; };
		7B3920491696CA1800E139D0 /* en */ = {isa = PBXFileReference; lastKnownFileType = file.xib; name = en; path = en.lproj/Document.xib; sourceTree = "<group>"; };
		7B39204C1696CA1900E139D0 /* en */ = {isa = PBXFileReference; lastKnownFileType = file.xib; name = en; path = en.lproj/MainMenu.xib; sourceTree = "<group>"; };
		7B4E8E0D16BDD4C5001C5D09 /* FrameView.h */ = {isa = PBXFileReference; fileEncoding = 4; lastKnownFileType = sourcecode.c.h; path = FrameView.h; sourceTree = "<group>"; };
		7B4E8E0E16BDD4C5001C5D09 /* FrameView.m */ = {isa = PBXFileReference; fileEncoding = 4; lastKnownFileType = sourcecode.c.objc; path = FrameView.m; sourceTree = "<group>"; };
		7B4E8E1016BEAAC3001C5D09 /* BasicBackgroundView.h */ = {isa = PBXFileReference; fileEncoding = 4; lastKnownFileType = sourcecode.c.h; path = BasicBackgroundView.h; sourceTree = "<group>"; };
		7B4E8E1116BEAAC3001C5D09 /* BasicBackgroundView.m */ = {isa = PBXFileReference; fileEncoding = 4; lastKnownFileType = sourcecode.c.objc; path = BasicBackgroundView.m; sourceTree = "<group>"; };
		7B4E8E2116C8278F001C5D09 /* ja */ = {isa = PBXFileReference; lastKnownFileType = text.plist.strings; name = ja; path = ja.lproj/InfoPlist.strings; sourceTree = "<group>"; };
		7B4E8E2316C827D3001C5D09 /* ja */ = {isa = PBXFileReference; lastKnownFileType = text.plist.strings; name = ja; path = ja.lproj/Localizable.strings; sourceTree = "<group>"; };
		7B4E8E2616C82A02001C5D09 /* ja */ = {isa = PBXFileReference; lastKnownFileType = text.plist.strings; name = ja; path = ja.lproj/Document.strings; sourceTree = "<group>"; };
		7B4E8E2816C82A02001C5D09 /* ja */ = {isa = PBXFileReference; lastKnownFileType = text.plist.strings; name = ja; path = ja.lproj/MainMenu.strings; sourceTree = "<group>"; };
		7B4E8E2A16C82A02001C5D09 /* ja */ = {isa = PBXFileReference; lastKnownFileType = text.plist.strings; name = ja; path = ja.lproj/ThumbnailView.strings; sourceTree = "<group>"; };
		7B4E8E3E16CA5478001C5D09 /* ja */ = {isa = PBXFileReference; lastKnownFileType = text.plist.strings; name = ja; path = ja.lproj/FolderOutlineView.strings; sourceTree = "<group>"; };
		7B5340561703F2BE008AEDB6 /* DigViewer-in.sparseimage */ = {isa = PBXFileReference; lastKnownFileType = file; name = "DigViewer-in.sparseimage"; path = "DiskImageResources/DigViewer-in.sparseimage"; sourceTree = "<group>"; };
		7B5340571703F2BE008AEDB6 /* DigViewerBackground.idraw */ = {isa = PBXFileReference; lastKnownFileType = file; name = DigViewerBackground.idraw; path = DiskImageResources/DigViewerBackground.idraw; sourceTree = "<group>"; };
		7B697E39169C547200A9E247 /* ImageWithTextCell.h */ = {isa = PBXFileReference; fileEncoding = 4; lastKnownFileType = sourcecode.c.h; path = ImageWithTextCell.h; sourceTree = "<group>"; };
		7B697E3A169C547200A9E247 /* ImageWithTextCell.m */ = {isa = PBXFileReference; fileEncoding = 4; lastKnownFileType = sourcecode.c.objc; path = ImageWithTextCell.m; sourceTree = "<group>"; };
		7B697E4C169DB4A700A9E247 /* LoadingSheetController.h */ = {isa = PBXFileReference; fileEncoding = 4; lastKnownFileType = sourcecode.c.h; path = LoadingSheetController.h; sourceTree = "<group>"; };
		7B697E4D169DB4A700A9E247 /* LoadingSheetController.m */ = {isa = PBXFileReference; fileEncoding = 4; lastKnownFileType = sourcecode.c.objc; path = LoadingSheetController.m; sourceTree = "<group>"; };
		7B697E52169DB8A000A9E247 /* en */ = {isa = PBXFileReference; lastKnownFileType = file.xib; name = en; path = en.lproj/LoadingSheet.xib; sourceTree = "<group>"; };
		7B6B3B1318E438D00004098F /* WebKit.framework */ = {isa = PBXFileReference; lastKnownFileType = wrapper.framework; name = WebKit.framework; path = System/Library/Frameworks/WebKit.framework; sourceTree = SDKROOT; };
		7B6CE7B718B38F9100CD445A /* CoreFoundationHelper.h */ = {isa = PBXFileReference; fileEncoding = 4; lastKnownFileType = sourcecode.c.h; path = CoreFoundationHelper.h; sourceTree = "<group>"; };
		7B6CE7B818B3970F00CD445A /* ImageMetadata.h */ = {isa = PBXFileReference; fileEncoding = 4; lastKnownFileType = sourcecode.c.h; path = ImageMetadata.h; sourceTree = "<group>"; };
		7B6CE7B918B3970F00CD445A /* ImageMetadata.mm */ = {isa = PBXFileReference; fileEncoding = 4; lastKnownFileType = sourcecode.cpp.objcpp; path = ImageMetadata.mm; sourceTree = "<group>"; };
		7B9B245F1AD0BCA5008F6E64 /* en */ = {isa = PBXFileReference; lastKnownFileType = text.plist.strings; name = en; path = en.lproj/Localizable.strings; sourceTree = "<group>"; };
		7B9B24621AD101D1008F6E64 /* AppDelegate.h */ = {isa = PBXFileReference; fileEncoding = 4; lastKnownFileType = sourcecode.c.h; path = AppDelegate.h; sourceTree = "<group>"; };
		7B9B24631AD101D1008F6E64 /* AppDelegate.m */ = {isa = PBXFileReference; fileEncoding = 4; lastKnownFileType = sourcecode.c.objc; path = AppDelegate.m; sourceTree = "<group>"; };
		7B9F9E8418E7D91D0042337F /* GPSMapView.h */ = {isa = PBXFileReference; fileEncoding = 4; lastKnownFileType = sourcecode.c.h; path = GPSMapView.h; sourceTree = "<group>"; };
		7B9F9E8518E7D91D0042337F /* GPSMapView.m */ = {isa = PBXFileReference; fileEncoding = 4; lastKnownFileType = sourcecode.c.objc; path = GPSMapView.m; sourceTree = "<group>"; };
		7B9F9E8718E7DBBA0042337F /* GPSMapView.js */ = {isa = PBXFileReference; fileEncoding = 4; lastKnownFileType = sourcecode.javascript; path = GPSMapView.js; sourceTree = "<group>"; };
		7BA7AF2D1911210100BFCBE2 /* PreferencesDefaultsController.h */ = {isa = PBXFileReference; fileEncoding = 4; lastKnownFileType = sourcecode.c.h; path = PreferencesDefaultsController.h; sourceTree = "<group>"; };
		7BA7AF2E1911210100BFCBE2 /* PreferencesDefaultsController.m */ = {isa = PBXFileReference; fileEncoding = 4; lastKnownFileType = sourcecode.c.objc; path = PreferencesDefaultsController.m; sourceTree = "<group>"; };
		7BC667A418B05213000CB995 /* en */ = {isa = PBXFileReference; lastKnownFileType = file.xib; name = en; path = en.lproj/InspectorView.xib; sourceTree = "<group>"; };
		7BD874911AD13A3C009C43BF /* NSString+escaping.h */ = {isa = PBXFileReference; fileEncoding = 4; lastKnownFileType = sourcecode.c.h; path = "NSString+escaping.h"; sourceTree = "<group>"; };
		7BD874921AD13A3C009C43BF /* NSString+escaping.m */ = {isa = PBXFileReference; fileEncoding = 4; lastKnownFileType = sourcecode.c.objc; path = "NSString+escaping.m"; sourceTree = "<group>"; };
		7BF27648191BB25A0022E89D /* TestGPSMapView.html */ = {isa = PBXFileReference; fileEncoding = 4; lastKnownFileType = text.html; name = TestGPSMapView.html; path = tests/TestGPSMapView.html; sourceTree = "<group>"; };
		7BF27649191BB25A0022E89D /* TestGPSMapView.js */ = {isa = PBXFileReference; fileEncoding = 4; lastKnownFileType = sourcecode.javascript; name = TestGPSMapView.js; path = tests/TestGPSMapView.js; sourceTree = "<group>"; };
		7BF678AB16983C7C00FE39B4 /* PathNode.h */ = {isa = PBXFileReference; fileEncoding = 4; lastKnownFileType = sourcecode.c.h; path = PathNode.h; sourceTree = "<group>"; };
		7BF678AC16983C7C00FE39B4 /* PathNode.mm */ = {isa = PBXFileReference; fileEncoding = 4; lastKnownFileType = sourcecode.cpp.objcpp; path = PathNode.mm; sourceTree = "<group>"; };
		7BF678B41699143B00FE39B4 /* NSImage+CapabilityDetermining.h */ = {isa = PBXFileReference; fileEncoding = 4; lastKnownFileType = sourcecode.c.h; path = "NSImage+CapabilityDetermining.h"; sourceTree = "<group>"; };
		7BF678B51699143B00FE39B4 /* NSImage+CapabilityDetermining.m */ = {isa = PBXFileReference; fileEncoding = 4; lastKnownFileType = sourcecode.c.objc; path = "NSImage+CapabilityDetermining.m"; sourceTree = "<group>"; };
		7BF678B71699359A00FE39B4 /* PathfinderPinnedFile.h */ = {isa = PBXFileReference; fileEncoding = 4; lastKnownFileType = sourcecode.c.h; path = PathfinderPinnedFile.h; sourceTree = "<group>"; };
		7BF678B81699359A00FE39B4 /* PathfinderPinnedFile.m */ = {isa = PBXFileReference; fileEncoding = 4; lastKnownFileType = sourcecode.c.objc; path = PathfinderPinnedFile.m; sourceTree = "<group>"; };
		7BF8E2A416AA7C9F0007E788 /* up.png */ = {isa = PBXFileReference; lastKnownFileType = image.png; name = up.png; path = resources/up.png; sourceTree = "<group>"; };
		7BF8E2A716AA7DEB0007E788 /* up.idraw */ = {isa = PBXFileReference; lastKnownFileType = file; name = up.idraw; path = resources/up.idraw; sourceTree = "<group>"; };
		7BFA83A118AF1B0300B1BCBC /* NSWindow+TracingResponderChain.h */ = {isa = PBXFileReference; fileEncoding = 4; lastKnownFileType = sourcecode.c.h; path = "NSWindow+TracingResponderChain.h"; sourceTree = "<group>"; };
		7BFA83A218AF1B0300B1BCBC /* NSWindow+TracingResponderChain.m */ = {isa = PBXFileReference; fileEncoding = 4; lastKnownFileType = sourcecode.c.objc; path = "NSWindow+TracingResponderChain.m"; sourceTree = "<group>"; };
		7BFF729416CF4A2E00A94515 /* ja */ = {isa = PBXFileReference; lastKnownFileType = text.plist.strings; name = ja; path = ja.lproj/LoadingSheet.strings; sourceTree = "<group>"; };
/* End PBXFileReference section */

/* Begin PBXFrameworksBuildPhase section */
		7B39202C1696CA1800E139D0 /* Frameworks */ = {
			isa = PBXFrameworksBuildPhase;
			buildActionMask = 2147483647;
			files = (
				7B6B3B1418E438D00004098F /* WebKit.framework in Frameworks */,
				7B0DBEE216A2A2FD000365F4 /* Quartz.framework in Frameworks */,
				7B3920341696CA1800E139D0 /* Cocoa.framework in Frameworks */,
			);
			runOnlyForDeploymentPostprocessing = 0;
		};
/* End PBXFrameworksBuildPhase section */

/* Begin PBXGroup section */
		7B3920241696CA1800E139D0 = {
			isa = PBXGroup;
			children = (
				7B3920391696CA1800E139D0 /* DigViewer */,
				7B3920321696CA1800E139D0 /* Frameworks */,
				7B3920301696CA1800E139D0 /* Products */,
			);
			sourceTree = "<group>";
		};
		7B3920301696CA1800E139D0 /* Products */ = {
			isa = PBXGroup;
			children = (
				7B39202F1696CA1800E139D0 /* DigViewer.app */,
			);
			name = Products;
			sourceTree = "<group>";
		};
		7B3920321696CA1800E139D0 /* Frameworks */ = {
			isa = PBXGroup;
			children = (
				7B6B3B1318E438D00004098F /* WebKit.framework */,
				7B3920331696CA1800E139D0 /* Cocoa.framework */,
				7B0DBEE116A2A2FD000365F4 /* Quartz.framework */,
				7B3920351696CA1800E139D0 /* Other Frameworks */,
			);
			name = Frameworks;
			sourceTree = "<group>";
		};
		7B3920351696CA1800E139D0 /* Other Frameworks */ = {
			isa = PBXGroup;
			children = (
				7B3920361696CA1800E139D0 /* AppKit.framework */,
				7B3920371696CA1800E139D0 /* CoreData.framework */,
				7B3920381696CA1800E139D0 /* Foundation.framework */,
			);
			name = "Other Frameworks";
			sourceTree = "<group>";
		};
		7B3920391696CA1800E139D0 /* DigViewer */ = {
			isa = PBXGroup;
			children = (
				7B3920581696FF5600E139D0 /* Models */,
				7B39205A1696FF7500E139D0 /* Controllers */,
				7B3920591696FF5F00E139D0 /* Views */,
				7BF678B31699106C00FE39B4 /* Utilities */,
				7B3920531696F50B00E139D0 /* Resources */,
				7B39203A1696CA1800E139D0 /* Supporting Files */,
				7BF27647191BB2370022E89D /* For Testing */,
				7B5340551703F294008AEDB6 /* Disk Image Resources */,
			);
			path = DigViewer;
			sourceTree = "<group>";
		};
		7B39203A1696CA1800E139D0 /* Supporting Files */ = {
			isa = PBXGroup;
			children = (
				7B39203B1696CA1800E139D0 /* DigViewer-Info.plist */,
				7B39203C1696CA1800E139D0 /* InfoPlist.strings */,
				7B39203F1696CA1800E139D0 /* main.m */,
				7B3920411696CA1800E139D0 /* DigViewer-Prefix.pch */,
			);
			name = "Supporting Files";
			sourceTree = "<group>";
		};
		7B3920531696F50B00E139D0 /* Resources */ = {
			isa = PBXGroup;
			children = (
				7B39204B1696CA1900E139D0 /* MainMenu.xib */,
				7B4E8E2716C82A02001C5D09 /* MainMenu.strings */,
				7B3920481696CA1800E139D0 /* Document.xib */,
				7B4E8E2516C82A02001C5D09 /* Document.strings */,
				7B0DBEB416A01545000365F4 /* MainView.xib */,
				7B0DBECF16A0F7A9000365F4 /* FolderOutlineView.xib */,
				7B4E8E3D16CA5478001C5D09 /* FolderOutlineView.strings */,
				7B0DBED216A0F89C000365F4 /* ImageView.xib */,
				7B0DBEDE16A297E2000365F4 /* ThumbnailView.xib */,
				7B4E8E2916C82A02001C5D09 /* ThumbnailView.strings */,
				7BC667A518B05213000CB995 /* InspectorView.xib */,
				7B697E53169DB8A000A9E247 /* LoadingSheet.xib */,
				7BFF729316CF4A2E00A94515 /* LoadingSheet.strings */,
				7B0DBEF716A81FB4000365F4 /* DigViewer.icns */,
				7BF8E2A416AA7C9F0007E788 /* up.png */,
				7BF8E2A716AA7DEB0007E788 /* up.idraw */,
				7B01210616B4C6A9004AA730 /* down.idraw */,
				7B01210716B4C6A9004AA730 /* down.png */,
				7B4E8E2416C827D3001C5D09 /* Localizable.strings */,
			);
			name = Resources;
			sourceTree = "<group>";
		};
		7B3920581696FF5600E139D0 /* Models */ = {
			isa = PBXGroup;
			children = (
				7BF678AB16983C7C00FE39B4 /* PathNode.h */,
				7BF678AC16983C7C00FE39B4 /* PathNode.mm */,
				7B6CE7B818B3970F00CD445A /* ImageMetadata.h */,
				7B6CE7B918B3970F00CD445A /* ImageMetadata.mm */,
			);
			name = Models;
			sourceTree = "<group>";
		};
		7B3920591696FF5F00E139D0 /* Views */ = {
			isa = PBXGroup;
			children = (
				7B697E39169C547200A9E247 /* ImageWithTextCell.h */,
				7B697E3A169C547200A9E247 /* ImageWithTextCell.m */,
				7B0DBF0216A84335000365F4 /* ClickableImageView.h */,
				7B0DBF0316A84335000365F4 /* ClickableImageView.mm */,
				7B4E8E0D16BDD4C5001C5D09 /* FrameView.h */,
				7B4E8E0E16BDD4C5001C5D09 /* FrameView.m */,
				7B4E8E1016BEAAC3001C5D09 /* BasicBackgroundView.h */,
				7B4E8E1116BEAAC3001C5D09 /* BasicBackgroundView.m */,
				7B36259118DE65D4008471E2 /* FlatSplitView.h */,
				7B36259218DE65D4008471E2 /* FlatSplitView.m */,
				7B36259418DE761E008471E2 /* KeyUncapturedTabView.h */,
				7B36259518DE761E008471E2 /* KeyUncapturedTabView.m */,
				7B9F9E8418E7D91D0042337F /* GPSMapView.h */,
				7B9F9E8518E7D91D0042337F /* GPSMapView.m */,
				7B9F9E8718E7DBBA0042337F /* GPSMapView.js */,
			);
			name = Views;
			sourceTree = "<group>";
		};
		7B39205A1696FF7500E139D0 /* Controllers */ = {
			isa = PBXGroup;
			children = (
				7B9B24621AD101D1008F6E64 /* AppDelegate.h */,
				7B9B24631AD101D1008F6E64 /* AppDelegate.m */,
				7B3920451696CA1800E139D0 /* Document.h */,
				7B3920461696CA1800E139D0 /* Document.m */,
				7B30AC2418A6000F00A70555 /* DocumentWindowController.h */,
				7B30AC2518A6000F00A70555 /* DocumentWindowController.m */,
				7B01210B16B68DFE004AA730 /* NSViewController+Nested.h */,
				7B01210C16B68DFF004AA730 /* NSViewController+Nested.m */,
				7B0DBEB016A014B6000365F4 /* MainViewController.h */,
				7B0DBEB116A014B6000365F4 /* MainViewController.m */,
				7B0DBEC816A0F664000365F4 /* FolderOutlineViewController.h */,
				7B0DBEC916A0F665000365F4 /* FolderOutlineViewController.m */,
				7B0DBECC16A0F767000365F4 /* ImageViewController.h */,
				7B0DBECD16A0F767000365F4 /* ImageViewController.mm */,
				7B0DBEDB16A296DC000365F4 /* ThumbnailViewController.h */,
				7B0DBEDC16A296DC000365F4 /* ThumbnailViewController.m */,
				7B1AC4A618B05384004136CD /* InspectorViewController.h */,
				7B1AC4A718B05384004136CD /* InspectorViewController.m */,
				7B697E4C169DB4A700A9E247 /* LoadingSheetController.h */,
				7B697E4D169DB4A700A9E247 /* LoadingSheetController.m */,
				7B1CC21418D86DC5007527E6 /* InfoPlistController.h */,
				7B1CC21518D86DC5007527E6 /* InfoPlistController.m */,
				7BA7AF2D1911210100BFCBE2 /* PreferencesDefaultsController.h */,
				7BA7AF2E1911210100BFCBE2 /* PreferencesDefaultsController.m */,
			);
			name = Controllers;
			sourceTree = "<group>";
		};
		7B5340551703F294008AEDB6 /* Disk Image Resources */ = {
			isa = PBXGroup;
			children = (
				7B5340561703F2BE008AEDB6 /* DigViewer-in.sparseimage */,
				7B5340571703F2BE008AEDB6 /* DigViewerBackground.idraw */,
			);
			name = "Disk Image Resources";
			sourceTree = "<group>";
		};
		7BF27647191BB2370022E89D /* For Testing */ = {
			isa = PBXGroup;
			children = (
				7BF27648191BB25A0022E89D /* TestGPSMapView.html */,
				7BF27649191BB25A0022E89D /* TestGPSMapView.js */,
			);
			name = "For Testing";
			sourceTree = "<group>";
		};
		7BF678B31699106C00FE39B4 /* Utilities */ = {
			isa = PBXGroup;
			children = (
				7BF678B41699143B00FE39B4 /* NSImage+CapabilityDetermining.h */,
				7BF678B51699143B00FE39B4 /* NSImage+CapabilityDetermining.m */,
				7B0DBED516A0FE24000365F4 /* NSView+ViewControllerAssociation.h */,
				7B0DBED616A0FE24000365F4 /* NSView+ViewControllerAssociation.m */,
				7BF678B71699359A00FE39B4 /* PathfinderPinnedFile.h */,
				7BF678B81699359A00FE39B4 /* PathfinderPinnedFile.m */,
				7B30AC2C18ADFF3000A70555 /* NSObject+MenuItemValidator.h */,
				7B30AC2D18ADFF3000A70555 /* NSObject+MenuItemValidator.m */,
				7BFA83A118AF1B0300B1BCBC /* NSWindow+TracingResponderChain.h */,
				7BFA83A218AF1B0300B1BCBC /* NSWindow+TracingResponderChain.m */,
				7B6CE7B718B38F9100CD445A /* CoreFoundationHelper.h */,
				38C57FF1190F7E0A004D373F /* NSColor+JavascriptColorSpace.h */,
				38C57FF2190F7E0A004D373F /* NSColor+JavascriptColorSpace.m */,
				7BD874911AD13A3C009C43BF /* NSString+escaping.h */,
				7BD874921AD13A3C009C43BF /* NSString+escaping.m */,
			);
			name = Utilities;
			sourceTree = "<group>";
		};
/* End PBXGroup section */

/* Begin PBXNativeTarget section */
		7B39202E1696CA1800E139D0 /* DigViewer */ = {
			isa = PBXNativeTarget;
			buildConfigurationList = 7B3920501696CA1900E139D0 /* Build configuration list for PBXNativeTarget "DigViewer" */;
			buildPhases = (
				7B39202B1696CA1800E139D0 /* Sources */,
				7B39202C1696CA1800E139D0 /* Frameworks */,
				7B39202D1696CA1800E139D0 /* Resources */,
				7B4E8E3716C82E0B001C5D09 /* ShellScript */,
				7BB7E29218D350FB0055DAAC /* ShellScript */,
				7B9F9E8A18E7DD450042337F /* CopyFiles */,
			);
			buildRules = (
				7B17D21F19024B1400848FF0 /* PBXBuildRule */,
			);
			dependencies = (
			);
			name = DigViewer;
			productName = DigViewer;
			productReference = 7B39202F1696CA1800E139D0 /* DigViewer.app */;
			productType = "com.apple.product-type.application";
		};
/* End PBXNativeTarget section */

/* Begin PBXProject section */
		7B3920261696CA1800E139D0 /* Project object */ = {
			isa = PBXProject;
			attributes = {
				LastUpgradeCheck = 0500;
				ORGANIZATIONNAME = opiopan;
			};
			buildConfigurationList = 7B3920291696CA1800E139D0 /* Build configuration list for PBXProject "DigViewer" */;
			compatibilityVersion = "Xcode 3.2";
			developmentRegion = English;
			hasScannedForEncodings = 0;
			knownRegions = (
				en,
				ja,
			);
			mainGroup = 7B3920241696CA1800E139D0;
			productRefGroup = 7B3920301696CA1800E139D0 /* Products */;
			projectDirPath = "";
			projectRoot = "";
			targets = (
				7B39202E1696CA1800E139D0 /* DigViewer */,
				7B53405E1703F3F2008AEDB6 /* Install Disk Image */,
			);
		};
/* End PBXProject section */

/* Begin PBXResourcesBuildPhase section */
		7B39202D1696CA1800E139D0 /* Resources */ = {
			isa = PBXResourcesBuildPhase;
			buildActionMask = 2147483647;
			files = (
				7B39203E1696CA1800E139D0 /* InfoPlist.strings in Resources */,
				7B39204A1696CA1800E139D0 /* Document.xib in Resources */,
				7B39204D1696CA1900E139D0 /* MainMenu.xib in Resources */,
				7BC667A318B05213000CB995 /* InspectorView.xib in Resources */,
				7B697E51169DB8A000A9E247 /* LoadingSheet.xib in Resources */,
				7B0DBEB616A01545000365F4 /* MainView.xib in Resources */,
				7B0DBED116A0F7A9000365F4 /* FolderOutlineView.xib in Resources */,
				7B0DBED416A0F89C000365F4 /* ImageView.xib in Resources */,
				7B0DBEE016A297E2000365F4 /* ThumbnailView.xib in Resources */,
				7B0DBEF816A81FB5000365F4 /* DigViewer.icns in Resources */,
				7BF8E2A516AA7C9F0007E788 /* up.png in Resources */,
				7B01210916B4C6A9004AA730 /* down.png in Resources */,
				7B4E8E2216C827D3001C5D09 /* Localizable.strings in Resources */,
				7B5340581703F2BE008AEDB6 /* DigViewer-in.sparseimage in Resources */,
				7B5340591703F2BE008AEDB6 /* DigViewerBackground.idraw in Resources */,
			);
			runOnlyForDeploymentPostprocessing = 0;
		};
/* End PBXResourcesBuildPhase section */

/* Begin PBXShellScriptBuildPhase section */
		7B4E8E3716C82E0B001C5D09 /* ShellScript */ = {
			isa = PBXShellScriptBuildPhase;
			buildActionMask = 2147483647;
			files = (
			);
			inputPaths = (
				"$(SRCROOT)/DigViewer/ja.lproj/MainMenu.strings",
				"$(SRCROOT)/DigViewer/ja.lproj/Document.strings",
				"$(SRCROOT)/DigViewer/ja.lproj/ThumbnailView.strings",
				"$(SRCROOT)/DigViewer/en.lproj/MainMenu.xib",
				"$(SRCROOT)/DigViewer/en.lproj/Document.xib",
				"$(SRCROOT)/DigViewer/en.lproj/ThumbnailView.xib",
				"$(SRCROOT)/DigViewer/ja.lproj/FolderOutlineView.strings",
				"$(SRCROOT)/DigViewer/en.lproj/FolderOutlineView.xib",
				"$(SRCROOT)/DigViewer/ja.lproj/LoadingSheet.strings",
				"$(SRCROOT)/DigViewer/en.lproj/LoadingSheet.xib",
			);
			outputPaths = (
				"$(TARGET_BUILD_DIR)/$(UNLOCALIZED_RESOURCES_FOLDER_PATH)/ja.lproj/MainMenu.nib",
				"$(TARGET_BUILD_DIR)/$(UNLOCALIZED_RESOURCES_FOLDER_PATH)/ja.lproj/Document.nib",
				"$(TARGET_BUILD_DIR)/$(UNLOCALIZED_RESOURCES_FOLDER_PATH)/ja.lproj/ThumbnailView.nib",
				"$(TARGET_BUILD_DIR)/$(UNLOCALIZED_RESOURCES_FOLDER_PATH)/ja.lproj/FolderOutlineView.nib",
				"$(TARGET_BUILD_DIR)/$(UNLOCALIZED_RESOURCES_FOLDER_PATH)/ja.lproj/LoadingSheet.nib",
			);
			runOnlyForDeploymentPostprocessing = 0;
			shellPath = /bin/sh;
			shellScript = "for f in MainMenu Document FolderOutlineView ThumbnailView LoadingSheet;do\nibtool --import-strings-file DigViewer/ja.lproj/${f}.strings --compile \"${TARGET_BUILD_DIR}/${UNLOCALIZED_RESOURCES_FOLDER_PATH}/ja.lproj/${f}.nib\" --output-format binary1 DigViewer/en.lproj/${f}.xib || exit 1\ndone";
		};
		7B5340641703F45F008AEDB6 /* ShellScript */ = {
			isa = PBXShellScriptBuildPhase;
			buildActionMask = 2147483647;
			files = (
			);
			inputPaths = (
				"$(SRCROOT)/ExtractManager/DiskImageResources/DigViewer-in.sparseimage",
			);
			outputPaths = (
				"$(TARGET_BUILD_DIR)/DigViewer.dmg",
			);
			runOnlyForDeploymentPostprocessing = 0;
			shellPath = /bin/sh;
			shellScript = "PRODUCT=DigViewer\nSRC=\"${SRCROOT}/${PRODUCT}/DiskImageResources/${PRODUCT}-in.sparseimage\"\nIN=\"${DERIVED_FILE_DIR}/${PRODUCT}-in.sparseimage\"\nMP=\"${DERIVED_FILE_DIR}/mp\"\nOUT=\"${TARGET_BUILD_DIR}/${PRODUCT}.dmg\"\nrm -rf \"${DERIVED_FILE_DIR}\"\nmkdir \"${DERIVED_FILE_DIR}\"\nmkdir \"$MP\"\ncp \"$SRC\" \"$IN\"\nhdiutil attach \"$IN\" -mountpoint \"$MP\"\nrm -rf \"$MP\"/${PRODUCT}.app\ncp -r \"${TARGET_BUILD_DIR}/${PRODUCT}.app\" \"$MP\"\nhdiutil detach \"$MP\"\nrm -f \"$OUT\"\nhdiutil convert -format UDZO -o \"$OUT\" \"$IN\"\nrm -r \"$MP\"\nrm -f \"$IN\"";
		};
		7BB7E29218D350FB0055DAAC /* ShellScript */ = {
			isa = PBXShellScriptBuildPhase;
			buildActionMask = 2147483647;
			files = (
			);
			inputPaths = (
			);
			outputPaths = (
			);
			runOnlyForDeploymentPostprocessing = 0;
			shellPath = /bin/sh;
			shellScript = "PLISTBUDDY=/usr/libexec/PlistBuddy\nINFOPLIST=${TARGET_BUILD_DIR}/${CONTENTS_FOLDER_PATH}/Info.plist\n\nSEQ=`git log --oneline | wc -l | awk '{print $1}'`\nBUILD=`git show --format='%h' -s`\nINIT=`git log --oneline --pretty='%h' | tail -1`\nVERSION=`git log --oneline --pretty='%d' | \\\n         sed 's/[(),]/ /g' | awk '{for(i=0;i<NF;i++){print $(i+1)}}' | \\\n         egrep '^V[0-9\\]' | head -1 | sed 's/^V//' | sed 's/-/ /g'`\nSUBVERSION=`git log --pretty=\"%h%d\" | sed 's/[(),]/ /g' | \\\n            awk -v tag=V\"$VERSION\" \\\n            'BEGIN{subv=0}\n             {for (i=1; i <= NF; i++){if ($i == tag){print subv;exit 0;}} subv++}'`\nBUNDLEVERSION=`echo $VERSION | sed 's/ .*//'`.$SEQ\nEND=`git show -s --format=\"%ai\" $BUILD| sed 's/-.*$//'`\nBEGIN=`git show -s --format=\"%ai\" $INIT| sed 's/-.*$//'`\n\n${PLISTBUDDY} -c \"DELETE :OPCaution\" ${INFOPLIST}\n${PLISTBUDDY} -c \"ADD :OPCaution array\" ${INFOPLIST}\ngit branch | grep '^\\* master' > /dev/null\nif ! [ $? = 0 ] ;then\n    ${PLISTBUDDY} -c \"ADD :OPCaution:0 string 'belong to tentative branch'\" ${INFOPLIST}\n    BUNDLEVERSION=\"0.0\"\n    SUFFIX=t${SUFFIX}\nfi\nif ! [ \"`git status --porcelain`\" = '' ]; then\n    ${PLISTBUDDY} -c \"ADD :OPCaution:0 string 'uncommited version'\" ${INFOPLIST}\n    BUILD=\"$BUILD+\"\n    BUNDLEVERSION=\"0.0\"\n    SUBVERSION=`expr $SUBVERSION + 1`\n    SUFFIX=u${SUFFIX}\nfi\nif [ \"$CONFIGURATION\" = Debug ];then\n    ${PLISTBUDDY} -c \"ADD :OPCaution:0 string 'build with debug option'\" ${INFOPLIST}\n    BUNDLEVERSION=\"0.0\"\n    SUFFIX=d${SUFFIX}\nfi\nif [ $SUBVERSION -ne 0 ];then\n    SUFFIX=.$SUBVERSION$SUFFIX\nfi\n\nif [ \"$BEGIN\" = \"$END\" ];then\n    PERIOD=\"$BEGIN\"\nelif [ \"$END\" = `expr $BEGIN + 1` ];then\n    PERIOD=\"$BEGIN, $END\"\nelse\n    PERIOD=\"$BEGIN-$END\"\nfi\nCOPYRIGHT=\"Copyright © $PERIOD opiopan. All rights reserved.\"\n\n${PLISTBUDDY} -c \"SET :CFBundleShortVersionString ${VERSION}${SUFFIX}\" ${INFOPLIST}\n${PLISTBUDDY} -c \"SET :CFBundleVersion ${BUNDLEVERSION}\" ${INFOPLIST}\n${PLISTBUDDY} -c \"SET :NSHumanReadableCopyright '${COPYRIGHT}'\" ${INFOPLIST}\n${PLISTBUDDY} -c \"DELETE :OPBuildVersion\" ${INFOPLIST}\n${PLISTBUDDY} -c \"ADD :OPBuildVersion string ${BUILD}\" ${INFOPLIST}";
		};
/* End PBXShellScriptBuildPhase section */

/* Begin PBXSourcesBuildPhase section */
		7B39202B1696CA1800E139D0 /* Sources */ = {
			isa = PBXSourcesBuildPhase;
			buildActionMask = 2147483647;
			files = (
				7B36259318DE65D4008471E2 /* FlatSplitView.m in Sources */,
				7B30AC2718A6000F00A70555 /* DocumentWindowController.m in Sources */,
				7B3920401696CA1800E139D0 /* main.m in Sources */,
				7B3920471696CA1800E139D0 /* Document.m in Sources */,
				7BF678AD16983C7C00FE39B4 /* PathNode.mm in Sources */,
				7B30AC2E18ADFF3000A70555 /* NSObject+MenuItemValidator.m in Sources */,
				7BF678B61699143B00FE39B4 /* NSImage+CapabilityDetermining.m in Sources */,
				7BF678B91699359A00FE39B4 /* PathfinderPinnedFile.m in Sources */,
				38C57FF3190F7E0A004D373F /* NSColor+JavascriptColorSpace.m in Sources */,
				7B697E3B169C547200A9E247 /* ImageWithTextCell.m in Sources */,
				7B697E4E169DB4A700A9E247 /* LoadingSheetController.m in Sources */,
				7B36259618DE761E008471E2 /* KeyUncapturedTabView.m in Sources */,
				7B9F9E8818E7DBBA0042337F /* GPSMapView.js in Sources */,
				7B6CE7BA18B3970F00CD445A /* ImageMetadata.mm in Sources */,
				7B0DBEB216A014B6000365F4 /* MainViewController.m in Sources */,
				7BA7AF2F1911210100BFCBE2 /* PreferencesDefaultsController.m in Sources */,
				7B0DBECA16A0F665000365F4 /* FolderOutlineViewController.m in Sources */,
				7B9B24641AD101D1008F6E64 /* AppDelegate.m in Sources */,
				7B9F9E8618E7D91D0042337F /* GPSMapView.m in Sources */,
				7B0DBECE16A0F767000365F4 /* ImageViewController.mm in Sources */,
				7B1CC21618D86DC5007527E6 /* InfoPlistController.m in Sources */,
				7B0DBED716A0FE24000365F4 /* NSView+ViewControllerAssociation.m in Sources */,
				7B0DBEDD16A296DC000365F4 /* ThumbnailViewController.m in Sources */,
				7B0DBF0416A84335000365F4 /* ClickableImageView.mm in Sources */,
				7BFA83A318AF1B0300B1BCBC /* NSWindow+TracingResponderChain.m in Sources */,
				7B01210D16B68DFF004AA730 /* NSViewController+Nested.m in Sources */,
				7B4E8E0F16BDD4C5001C5D09 /* FrameView.m in Sources */,
				7BD874931AD13A3C009C43BF /* NSString+escaping.m in Sources */,
				7B4E8E1216BEAAC3001C5D09 /* BasicBackgroundView.m in Sources */,
				7B1AC4A818B05384004136CD /* InspectorViewController.m in Sources */,
			);
			runOnlyForDeploymentPostprocessing = 0;
		};
/* End PBXSourcesBuildPhase section */

/* Begin PBXTargetDependency section */
		7B5340631703F450008AEDB6 /* PBXTargetDependency */ = {
			isa = PBXTargetDependency;
			target = 7B39202E1696CA1800E139D0 /* DigViewer */;
			targetProxy = 7B5340621703F450008AEDB6 /* PBXContainerItemProxy */;
		};
/* End PBXTargetDependency section */

/* Begin PBXVariantGroup section */
		7B0DBEB416A01545000365F4 /* MainView.xib */ = {
			isa = PBXVariantGroup;
			children = (
				7B0DBEB516A01545000365F4 /* en */,
			);
			name = MainView.xib;
			sourceTree = "<group>";
		};
		7B0DBECF16A0F7A9000365F4 /* FolderOutlineView.xib */ = {
			isa = PBXVariantGroup;
			children = (
				7B0DBED016A0F7A9000365F4 /* en */,
			);
			name = FolderOutlineView.xib;
			sourceTree = "<group>";
		};
		7B0DBED216A0F89C000365F4 /* ImageView.xib */ = {
			isa = PBXVariantGroup;
			children = (
				7B0DBED316A0F89C000365F4 /* en */,
			);
			name = ImageView.xib;
			sourceTree = "<group>";
		};
		7B0DBEDE16A297E2000365F4 /* ThumbnailView.xib */ = {
			isa = PBXVariantGroup;
			children = (
				7B0DBEDF16A297E2000365F4 /* en */,
			);
			name = ThumbnailView.xib;
			sourceTree = "<group>";
		};
		7B39203C1696CA1800E139D0 /* InfoPlist.strings */ = {
			isa = PBXVariantGroup;
			children = (
				7B4E8E2116C8278F001C5D09 /* ja */,
			);
			name = InfoPlist.strings;
			sourceTree = "<group>";
		};
		7B3920481696CA1800E139D0 /* Document.xib */ = {
			isa = PBXVariantGroup;
			children = (
				7B3920491696CA1800E139D0 /* en */,
			);
			name = Document.xib;
			sourceTree = "<group>";
		};
		7B39204B1696CA1900E139D0 /* MainMenu.xib */ = {
			isa = PBXVariantGroup;
			children = (
				7B39204C1696CA1900E139D0 /* en */,
			);
			name = MainMenu.xib;
			sourceTree = "<group>";
		};
		7B4E8E2416C827D3001C5D09 /* Localizable.strings */ = {
			isa = PBXVariantGroup;
			children = (
				7B4E8E2316C827D3001C5D09 /* ja */,
				7B9B245F1AD0BCA5008F6E64 /* en */,
			);
			name = Localizable.strings;
			sourceTree = "<group>";
		};
		7B4E8E2516C82A02001C5D09 /* Document.strings */ = {
			isa = PBXVariantGroup;
			children = (
				7B4E8E2616C82A02001C5D09 /* ja */,
			);
			name = Document.strings;
			sourceTree = "<group>";
		};
		7B4E8E2716C82A02001C5D09 /* MainMenu.strings */ = {
			isa = PBXVariantGroup;
			children = (
				7B4E8E2816C82A02001C5D09 /* ja */,
			);
			name = MainMenu.strings;
			sourceTree = "<group>";
		};
		7B4E8E2916C82A02001C5D09 /* ThumbnailView.strings */ = {
			isa = PBXVariantGroup;
			children = (
				7B4E8E2A16C82A02001C5D09 /* ja */,
			);
			name = ThumbnailView.strings;
			sourceTree = "<group>";
		};
		7B4E8E3D16CA5478001C5D09 /* FolderOutlineView.strings */ = {
			isa = PBXVariantGroup;
			children = (
				7B4E8E3E16CA5478001C5D09 /* ja */,
			);
			name = FolderOutlineView.strings;
			sourceTree = "<group>";
		};
		7B697E53169DB8A000A9E247 /* LoadingSheet.xib */ = {
			isa = PBXVariantGroup;
			children = (
				7B697E52169DB8A000A9E247 /* en */,
			);
			name = LoadingSheet.xib;
			sourceTree = "<group>";
		};
		7BC667A518B05213000CB995 /* InspectorView.xib */ = {
			isa = PBXVariantGroup;
			children = (
				7BC667A418B05213000CB995 /* en */,
			);
			name = InspectorView.xib;
			sourceTree = "<group>";
		};
		7BFF729316CF4A2E00A94515 /* LoadingSheet.strings */ = {
			isa = PBXVariantGroup;
			children = (
				7BFF729416CF4A2E00A94515 /* ja */,
			);
			name = LoadingSheet.strings;
			sourceTree = "<group>";
		};
/* End PBXVariantGroup section */

/* Begin XCBuildConfiguration section */
		7B39204E1696CA1900E139D0 /* Debug */ = {
			isa = XCBuildConfiguration;
			buildSettings = {
				ALWAYS_SEARCH_USER_PATHS = NO;
				CLANG_CXX_LANGUAGE_STANDARD = "gnu++0x";
				CLANG_CXX_LIBRARY = "libc++";
				CLANG_ENABLE_OBJC_ARC = YES;
				CLANG_WARN_EMPTY_BODY = YES;
				CLANG_WARN__DUPLICATE_METHOD_MATCH = YES;
				COPY_PHASE_STRIP = NO;
				GCC_C_LANGUAGE_STANDARD = gnu99;
				GCC_DYNAMIC_NO_PIC = NO;
				GCC_ENABLE_OBJC_EXCEPTIONS = YES;
				GCC_OPTIMIZATION_LEVEL = 0;
				GCC_PREPROCESSOR_DEFINITIONS = (
					"DEBUG=1",
					"$(inherited)",
				);
				GCC_SYMBOLS_PRIVATE_EXTERN = NO;
				GCC_WARN_64_TO_32_BIT_CONVERSION = YES;
				GCC_WARN_ABOUT_RETURN_TYPE = YES;
				GCC_WARN_UNINITIALIZED_AUTOS = YES;
				GCC_WARN_UNUSED_VARIABLE = YES;
				MACOSX_DEPLOYMENT_TARGET = 10.8;
				ONLY_ACTIVE_ARCH = YES;
				SDKROOT = macosx;
			};
			name = Debug;
		};
		7B39204F1696CA1900E139D0 /* Release */ = {
			isa = XCBuildConfiguration;
			buildSettings = {
				ALWAYS_SEARCH_USER_PATHS = NO;
				CLANG_CXX_LANGUAGE_STANDARD = "gnu++0x";
				CLANG_CXX_LIBRARY = "libc++";
				CLANG_ENABLE_OBJC_ARC = YES;
				CLANG_WARN_EMPTY_BODY = YES;
				CLANG_WARN__DUPLICATE_METHOD_MATCH = YES;
				COPY_PHASE_STRIP = YES;
				DEBUG_INFORMATION_FORMAT = "dwarf-with-dsym";
				GCC_C_LANGUAGE_STANDARD = gnu99;
				GCC_ENABLE_OBJC_EXCEPTIONS = YES;
				GCC_WARN_64_TO_32_BIT_CONVERSION = YES;
				GCC_WARN_ABOUT_RETURN_TYPE = YES;
				GCC_WARN_UNINITIALIZED_AUTOS = YES;
				GCC_WARN_UNUSED_VARIABLE = YES;
				MACOSX_DEPLOYMENT_TARGET = 10.8;
				SDKROOT = macosx;
			};
			name = Release;
		};
		7B3920511696CA1900E139D0 /* Debug */ = {
			isa = XCBuildConfiguration;
			buildSettings = {
				COMBINE_HIDPI_IMAGES = YES;
				GCC_PRECOMPILE_PREFIX_HEADER = YES;
				GCC_PREFIX_HEADER = "DigViewer/DigViewer-Prefix.pch";
				INFOPLIST_FILE = "DigViewer/DigViewer-Info.plist";
				MACOSX_DEPLOYMENT_TARGET = 10.8;
				PRODUCT_NAME = "$(TARGET_NAME)";
				SDKROOT = macosx;
				WRAPPER_EXTENSION = app;
			};
			name = Debug;
		};
		7B3920521696CA1900E139D0 /* Release */ = {
			isa = XCBuildConfiguration;
			buildSettings = {
				COMBINE_HIDPI_IMAGES = YES;
				GCC_PRECOMPILE_PREFIX_HEADER = YES;
				GCC_PREFIX_HEADER = "DigViewer/DigViewer-Prefix.pch";
				INFOPLIST_FILE = "DigViewer/DigViewer-Info.plist";
				MACOSX_DEPLOYMENT_TARGET = 10.8;
				PRODUCT_NAME = "$(TARGET_NAME)";
				SDKROOT = macosx;
				WRAPPER_EXTENSION = app;
			};
			name = Release;
		};
		7B5340601703F3F2008AEDB6 /* Debug */ = {
			isa = XCBuildConfiguration;
			buildSettings = {
				PRODUCT_NAME = "$(TARGET_NAME)";
			};
			name = Debug;
		};
		7B5340611703F3F2008AEDB6 /* Release */ = {
			isa = XCBuildConfiguration;
			buildSettings = {
				PRODUCT_NAME = "$(TARGET_NAME)";
			};
			name = Release;
		};
/* End XCBuildConfiguration section */

/* Begin XCConfigurationList section */
		7B3920291696CA1800E139D0 /* Build configuration list for PBXProject "DigViewer" */ = {
			isa = XCConfigurationList;
			buildConfigurations = (
				7B39204E1696CA1900E139D0 /* Debug */,
				7B39204F1696CA1900E139D0 /* Release */,
			);
			defaultConfigurationIsVisible = 0;
			defaultConfigurationName = Release;
		};
		7B3920501696CA1900E139D0 /* Build configuration list for PBXNativeTarget "DigViewer" */ = {
			isa = XCConfigurationList;
			buildConfigurations = (
				7B3920511696CA1900E139D0 /* Debug */,
				7B3920521696CA1900E139D0 /* Release */,
			);
			defaultConfigurationIsVisible = 0;
			defaultConfigurationName = Release;
		};
		7B53405F1703F3F2008AEDB6 /* Build configuration list for PBXAggregateTarget "Install Disk Image" */ = {
			isa = XCConfigurationList;
			buildConfigurations = (
				7B5340601703F3F2008AEDB6 /* Debug */,
				7B5340611703F3F2008AEDB6 /* Release */,
			);
			defaultConfigurationIsVisible = 0;
			defaultConfigurationName = Release;
		};
/* End XCConfigurationList section */
	};
	rootObject = 7B3920261696CA1800E139D0 /* Project object */;
}
